// !$*UTF8*$!
{
	archiveVersion = 1;
	classes = {
	};
	objectVersion = 46;
	objects = {

/* Begin PBXAggregateTarget section */
		BDE84391D5491C971691DEF5 /* NeuralDoubler - All */ = {
			isa = PBXAggregateTarget;
			buildConfigurationList = 2591272FB5BAADF88287D4B4;
			buildPhases = (
			);
			dependencies = (
				F9C772608629E97A8277ECE3,
				B2516086AB981E5825A541CD,
				69A18C452E181004FEDAFE35,
				E869BE00D8380BDA96991981,
			);
			name = "NeuralDoubler - All";
			productName = NeuralDoubler;
		};
/* End PBXAggregateTarget section */

/* Begin PBXBuildFile section */
		10FEADC17F4A636D0ACBD024 /* include_juce_events.mm */ = {isa = PBXBuildFile; fileRef = 29CE8BBCA078456275435F4E; };
		141E7FC106406F919AACD833 /* lib */ = {isa = PBXBuildFile; fileRef = 3E7380F302CB1C48C56940E3; };
		147BDBC4FC240EE0AE8C743F /* PluginProcessor.cpp */ = {isa = PBXBuildFile; fileRef = F0F2246B7A1CF9715E942160; };
		2002642F36FEE8AF8B61053E /* include_juce_audio_processors_ara.cpp */ = {isa = PBXBuildFile; fileRef = 2ABDCE0318F400541210D8C5; };
		2C5059C7CE9037331712985E /* include_juce_audio_plugin_client_VST_utils.mm */ = {isa = PBXBuildFile; fileRef = 52AB03E7AF6B80E17846CB27; };
		3B19BB493FC41AA2D24EBFC9 /* IOKit.framework */ = {isa = PBXBuildFile; fileRef = 954955788C0638060990827D; };
		413F23853ED234CEBA3BD7E9 /* include_juce_audio_plugin_client_ARA.cpp */ = {isa = PBXBuildFile; fileRef = DE970DA0C5E2BF4197636C33; };
		4245DAB0C0ECCB285943C5C5 /* include_juce_data_structures.mm */ = {isa = PBXBuildFile; fileRef = D9E3A514E5BF892CFA2DE469; };
		428DB0200D19B6E140BF0F59 /* Accelerate.framework */ = {isa = PBXBuildFile; fileRef = 365E444FACD9E3F45E497349; };
		545FD039F37754F77FB43E22 /* include_juce_audio_plugin_client_AU_1.mm */ = {isa = PBXBuildFile; fileRef = 57AC35C2AE829F0159ED76AC; };
		55EB80B62349FB8156DDFDD5 /* include_juce_gui_basics.mm */ = {isa = PBXBuildFile; fileRef = AEFDC774C9356E70368346A5; };
		576DED0DC3FA6398C1EC449C /* AU */ = {isa = PBXBuildFile; fileRef = B372DB8DB533B78114622644; };
		578F8B24D511592BF64CD321 /* WebKit.framework */ = {isa = PBXBuildFile; fileRef = D0C5B2C0CE704E6DCAE8E764; };
		5B3CFB30933DF6513A7075C3 /* AudioUnit.framework */ = {isa = PBXBuildFile; fileRef = 65959CE06900CE205054E221; };
		5D9EF879B92D709AD7D1CDEA /* Shared Code */ = {isa = PBXBuildFile; fileRef = 9B984C2E9870FC8A0CC89321; };
		5EC71DD46598E4A743B04542 /* include_juce_audio_plugin_client_utils.cpp */ = {isa = PBXBuildFile; fileRef = 96E9D7D1D6D3F51A2E347B08; };
		69434F111775CAFB200D2C4D /* include_juce_audio_plugin_client_VST3.cpp */ = {isa = PBXBuildFile; fileRef = 2E29984C37CD22736398B8D7; };
		751B5263DF7A255A91FE3C3E /* include_juce_audio_formats.mm */ = {isa = PBXBuildFile; fileRef = 602AC17EAC852FCAC5319B74; };
		7B6B05F382336C976263E636 /* CoreMIDI.framework */ = {isa = PBXBuildFile; fileRef = 2E8375749BCA5AD094E90A6C; };
		7BAEC7E0E7C6A5F5F6B8C982 /* VST3 */ = {isa = PBXBuildFile; fileRef = FB413A0001D0CEE333279B45; };
		7C9D199A7C7D1ECBCEE3197A /* include_juce_audio_devices.mm */ = {isa = PBXBuildFile; fileRef = 227BCDFB8237AF0AE25F348E; };
		841F993151DB42BDE4AF98D4 /* include_juce_graphics.mm */ = {isa = PBXBuildFile; fileRef = E6AB60D0072FF354BD3031D3; };
		86CBAC2B448C9CAC34484F91 /* include_juce_dsp.mm */ = {isa = PBXBuildFile; fileRef = E3D547E72152F75084C3FCBD; };
		8E8521E07589095A0A9625D5 /* include_juce_audio_processors_lv2_libs.cpp */ = {isa = PBXBuildFile; fileRef = 5DC7DE54309BF8E21798FAE5; };
		93DBD7E6D46E1B84CE967F2B /* include_juce_audio_basics.mm */ = {isa = PBXBuildFile; fileRef = 9B08AE45E5D707CBAAD0476E; };
		9B7F6888AEC2EFD93A312885 /* include_juce_core.mm */ = {isa = PBXBuildFile; fileRef = B43AC8D3E1FEE4FE7481F051; };
		A4CA37711069DCD6B8329410 /* PluginEditor.cpp */ = {isa = PBXBuildFile; fileRef = E10DE67D7340571A67E9B7FC; };
		A6A256F6B94ACA39AC2F104D /* include_juce_audio_utils.mm */ = {isa = PBXBuildFile; fileRef = 28B1222129501C0C0B33748B; };
		AE28FCCFA1E41E28EE5F856F /* include_juce_audio_plugin_client_Standalone.cpp */ = {isa = PBXBuildFile; fileRef = 3284962042DE59489D9FC3EF; };
		BD543AB8FA261A54451F40DD /* Foundation.framework */ = {isa = PBXBuildFile; fileRef = 52733509C12758B116E1C0A0; };
		C4B9AF3A39A27FC913CA5554 /* CoreAudio.framework */ = {isa = PBXBuildFile; fileRef = C4AE94424B665E45FD322897; };
		C8732549E1C52F1FE0BCDB16 /* Standalone Plugin */ = {isa = PBXBuildFile; fileRef = C260F4BC56FD8D56DC58B91E; };
		D3607ED27B82DD6EFAFF616F /* include_juce_audio_plugin_client_AU_2.mm */ = {isa = PBXBuildFile; fileRef = 92655C9FDC4CD75E95A695CC; };
		D4EA4EE48D9A42148BEB0B73 /* CoreAudioKit.framework */ = {isa = PBXBuildFile; fileRef = 17C52F3916A39B32ACD8B716; };
		D5B4D2BE6464F0BF99B21E4E /* Cocoa.framework */ = {isa = PBXBuildFile; fileRef = E49D944D4994D42B0D77EEAD; };
		D5EF27BA6F4CD79EB1CE6643 /* include_juce_audio_processors.mm */ = {isa = PBXBuildFile; fileRef = 6F06CC5D4C33579D82D9329C; };
		DAB7DFAC46323987A6B55D93 /* include_juce_gui_extra.mm */ = {isa = PBXBuildFile; fileRef = 75ABAC4CF626DCE909768C78; };
		DB89182BA7BA6A6A4D5FBCD9 /* RecentFilesMenuTemplate.nib */ = {isa = PBXBuildFile; fileRef = 85C0E32337CC5BDC21AFF447; };
		E7D313F2AC71E1FF934934AC /* QuartzCore.framework */ = {isa = PBXBuildFile; fileRef = 8C736DEF716EDEBEABCA8474; };
		E853B6434404D639E7C0132C /* AudioToolbox.framework */ = {isa = PBXBuildFile; fileRef = 0E8ACBEE605F320FCA3374B5; };
		F353272C300BA7BE62A74830 /* DiscRecording.framework */ = {isa = PBXBuildFile; fileRef = D4687B4453F37836ED62310F; };
/* End PBXBuildFile section */

/* Begin PBXFileReference section */
		00DFE6538ACF0AC222669789 /* juce_audio_devices */ /* juce_audio_devices */ = {isa = PBXFileReference; lastKnownFileType = folder; name = juce_audio_devices; path = "~/JUCE/modules/juce_audio_devices"; sourceTree = "<absolute>"; };
		0D6D47BE19E1686AA04C49F1 /* juce_data_structures */ /* juce_data_structures */ = {isa = PBXFileReference; lastKnownFileType = folder; name = juce_data_structures; path = "~/JUCE/modules/juce_data_structures"; sourceTree = "<absolute>"; };
		0E8ACBEE605F320FCA3374B5 /* AudioToolbox.framework */ /* AudioToolbox.framework */ = {isa = PBXFileReference; lastKnownFileType = wrapper.framework; name = AudioToolbox.framework; path = System/Library/Frameworks/AudioToolbox.framework; sourceTree = SDKROOT; };
		17C52F3916A39B32ACD8B716 /* CoreAudioKit.framework */ /* CoreAudioKit.framework */ = {isa = PBXFileReference; lastKnownFileType = wrapper.framework; name = CoreAudioKit.framework; path = System/Library/Frameworks/CoreAudioKit.framework; sourceTree = SDKROOT; };
		21B1C35EE91B6B837E740892 /* juce_audio_processors */ /* juce_audio_processors */ = {isa = PBXFileReference; lastKnownFileType = folder; name = juce_audio_processors; path = "~/JUCE/modules/juce_audio_processors"; sourceTree = "<absolute>"; };
		227BCDFB8237AF0AE25F348E /* include_juce_audio_devices.mm */ /* include_juce_audio_devices.mm */ = {isa = PBXFileReference; lastKnownFileType = sourcecode.cpp.objcpp; name = include_juce_audio_devices.mm; path = ../../JuceLibraryCode/include_juce_audio_devices.mm; sourceTree = SOURCE_ROOT; };
		28B1222129501C0C0B33748B /* include_juce_audio_utils.mm */ /* include_juce_audio_utils.mm */ = {isa = PBXFileReference; lastKnownFileType = sourcecode.cpp.objcpp; name = include_juce_audio_utils.mm; path = ../../JuceLibraryCode/include_juce_audio_utils.mm; sourceTree = SOURCE_ROOT; };
		29CE8BBCA078456275435F4E /* include_juce_events.mm */ /* include_juce_events.mm */ = {isa = PBXFileReference; lastKnownFileType = sourcecode.cpp.objcpp; name = include_juce_events.mm; path = ../../JuceLibraryCode/include_juce_events.mm; sourceTree = SOURCE_ROOT; };
		2ABDCE0318F400541210D8C5 /* include_juce_audio_processors_ara.cpp */ /* include_juce_audio_processors_ara.cpp */ = {isa = PBXFileReference; lastKnownFileType = sourcecode.cpp.cpp; name = include_juce_audio_processors_ara.cpp; path = ../../JuceLibraryCode/include_juce_audio_processors_ara.cpp; sourceTree = SOURCE_ROOT; };
		2E29984C37CD22736398B8D7 /* include_juce_audio_plugin_client_VST3.cpp */ /* include_juce_audio_plugin_client_VST3.cpp */ = {isa = PBXFileReference; lastKnownFileType = sourcecode.cpp.cpp; name = include_juce_audio_plugin_client_VST3.cpp; path = ../../JuceLibraryCode/include_juce_audio_plugin_client_VST3.cpp; sourceTree = SOURCE_ROOT; };
		2E8375749BCA5AD094E90A6C /* CoreMIDI.framework */ /* CoreMIDI.framework */ = {isa = PBXFileReference; lastKnownFileType = wrapper.framework; name = CoreMIDI.framework; path = System/Library/Frameworks/CoreMIDI.framework; sourceTree = SDKROOT; };
		30E5EF05658A114FD31A3E59 /* juce_events */ /* juce_events */ = {isa = PBXFileReference; lastKnownFileType = folder; name = juce_events; path = "~/JUCE/modules/juce_events"; sourceTree = "<absolute>"; };
		3284962042DE59489D9FC3EF /* include_juce_audio_plugin_client_Standalone.cpp */ /* include_juce_audio_plugin_client_Standalone.cpp */ = {isa = PBXFileReference; lastKnownFileType = sourcecode.cpp.cpp; name = include_juce_audio_plugin_client_Standalone.cpp; path = ../../JuceLibraryCode/include_juce_audio_plugin_client_Standalone.cpp; sourceTree = SOURCE_ROOT; };
		34E9D71EE85C0FE56ADA3F1F /* juce_graphics */ /* juce_graphics */ = {isa = PBXFileReference; lastKnownFileType = folder; name = juce_graphics; path = "~/JUCE/modules/juce_graphics"; sourceTree = "<absolute>"; };
		365E444FACD9E3F45E497349 /* Accelerate.framework */ /* Accelerate.framework */ = {isa = PBXFileReference; lastKnownFileType = wrapper.framework; name = Accelerate.framework; path = System/Library/Frameworks/Accelerate.framework; sourceTree = SDKROOT; };
		3E4B03E695272E1AB0AE728E /* Info-VST3.plist */ /* Info-VST3.plist */ = {isa = PBXFileReference; lastKnownFileType = text.plist.xml; name = "Info-VST3.plist"; path = "Info-VST3.plist"; sourceTree = SOURCE_ROOT; };
		3E7380F302CB1C48C56940E3 /* lib */ /* lib */ = {isa = PBXFileReference; lastKnownFileType = folder; name = lib; path = "../../../../onnxruntime/onnxruntime-osx-universal2-1.14.1/lib"; sourceTree = "<group>"; };
		3E9C9DF04C26FEC3354BD0AA /* PluginEditor.h */ /* PluginEditor.h */ = {isa = PBXFileReference; lastKnownFileType = sourcecode.c.h; name = PluginEditor.h; path = ../../Source/PluginEditor.h; sourceTree = SOURCE_ROOT; };
		4B05E8D5242733F56741464F /* juce_audio_plugin_client */ /* juce_audio_plugin_client */ = {isa = PBXFileReference; lastKnownFileType = folder; name = juce_audio_plugin_client; path = "~/JUCE/modules/juce_audio_plugin_client"; sourceTree = "<absolute>"; };
		52733509C12758B116E1C0A0 /* Foundation.framework */ /* Foundation.framework */ = {isa = PBXFileReference; lastKnownFileType = wrapper.framework; name = Foundation.framework; path = System/Library/Frameworks/Foundation.framework; sourceTree = SDKROOT; };
		52AB03E7AF6B80E17846CB27 /* include_juce_audio_plugin_client_VST_utils.mm */ /* include_juce_audio_plugin_client_VST_utils.mm */ = {isa = PBXFileReference; lastKnownFileType = sourcecode.cpp.objcpp; name = include_juce_audio_plugin_client_VST_utils.mm; path = ../../JuceLibraryCode/include_juce_audio_plugin_client_VST_utils.mm; sourceTree = SOURCE_ROOT; };
		57AC35C2AE829F0159ED76AC /* include_juce_audio_plugin_client_AU_1.mm */ /* include_juce_audio_plugin_client_AU_1.mm */ = {isa = PBXFileReference; lastKnownFileType = sourcecode.cpp.objcpp; name = include_juce_audio_plugin_client_AU_1.mm; path = ../../JuceLibraryCode/include_juce_audio_plugin_client_AU_1.mm; sourceTree = SOURCE_ROOT; };
		58C60FA26BE23D0AC1C48A6F /* juce_gui_basics */ /* juce_gui_basics */ = {isa = PBXFileReference; lastKnownFileType = folder; name = juce_gui_basics; path = "~/JUCE/modules/juce_gui_basics"; sourceTree = "<absolute>"; };
		5DC7DE54309BF8E21798FAE5 /* include_juce_audio_processors_lv2_libs.cpp */ /* include_juce_audio_processors_lv2_libs.cpp */ = {isa = PBXFileReference; lastKnownFileType = sourcecode.cpp.cpp; name = include_juce_audio_processors_lv2_libs.cpp; path = ../../JuceLibraryCode/include_juce_audio_processors_lv2_libs.cpp; sourceTree = SOURCE_ROOT; };
		5E554176C5DA2DD96D30145C /* juce_audio_basics */ /* juce_audio_basics */ = {isa = PBXFileReference; lastKnownFileType = folder; name = juce_audio_basics; path = "~/JUCE/modules/juce_audio_basics"; sourceTree = "<absolute>"; };
		602AC17EAC852FCAC5319B74 /* include_juce_audio_formats.mm */ /* include_juce_audio_formats.mm */ = {isa = PBXFileReference; lastKnownFileType = sourcecode.cpp.objcpp; name = include_juce_audio_formats.mm; path = ../../JuceLibraryCode/include_juce_audio_formats.mm; sourceTree = SOURCE_ROOT; };
		635BF8A9EB4B1522C3F27216 /* JuceHeader.h */ /* JuceHeader.h */ = {isa = PBXFileReference; lastKnownFileType = sourcecode.c.h; name = JuceHeader.h; path = ../../JuceLibraryCode/JuceHeader.h; sourceTree = SOURCE_ROOT; };
		65959CE06900CE205054E221 /* AudioUnit.framework */ /* AudioUnit.framework */ = {isa = PBXFileReference; lastKnownFileType = wrapper.framework; name = AudioUnit.framework; path = System/Library/Frameworks/AudioUnit.framework; sourceTree = SDKROOT; };
		6F06CC5D4C33579D82D9329C /* include_juce_audio_processors.mm */ /* include_juce_audio_processors.mm */ = {isa = PBXFileReference; lastKnownFileType = sourcecode.cpp.objcpp; name = include_juce_audio_processors.mm; path = ../../JuceLibraryCode/include_juce_audio_processors.mm; sourceTree = SOURCE_ROOT; };
		73D9F4DA2FFD6C790CC1BB7F /* JucePluginDefines.h */ /* JucePluginDefines.h */ = {isa = PBXFileReference; lastKnownFileType = sourcecode.c.h; name = JucePluginDefines.h; path = ../../JuceLibraryCode/JucePluginDefines.h; sourceTree = SOURCE_ROOT; };
		75ABAC4CF626DCE909768C78 /* include_juce_gui_extra.mm */ /* include_juce_gui_extra.mm */ = {isa = PBXFileReference; lastKnownFileType = sourcecode.cpp.objcpp; name = include_juce_gui_extra.mm; path = ../../JuceLibraryCode/include_juce_gui_extra.mm; sourceTree = SOURCE_ROOT; };
		7CC34B6DA450AB1533D48828 /* juce_audio_formats */ /* juce_audio_formats */ = {isa = PBXFileReference; lastKnownFileType = folder; name = juce_audio_formats; path = "~/JUCE/modules/juce_audio_formats"; sourceTree = "<absolute>"; };
		85C0E32337CC5BDC21AFF447 /* RecentFilesMenuTemplate.nib */ /* RecentFilesMenuTemplate.nib */ = {isa = PBXFileReference; lastKnownFileType = file.nib; name = RecentFilesMenuTemplate.nib; path = RecentFilesMenuTemplate.nib; sourceTree = SOURCE_ROOT; };
		8AD33A65B46EDA36064AE1DE /* Info-Standalone_Plugin.plist */ /* Info-Standalone_Plugin.plist */ = {isa = PBXFileReference; lastKnownFileType = text.plist.xml; name = "Info-Standalone_Plugin.plist"; path = "Info-Standalone_Plugin.plist"; sourceTree = SOURCE_ROOT; };
		8C736DEF716EDEBEABCA8474 /* QuartzCore.framework */ /* QuartzCore.framework */ = {isa = PBXFileReference; lastKnownFileType = wrapper.framework; name = QuartzCore.framework; path = System/Library/Frameworks/QuartzCore.framework; sourceTree = SDKROOT; };
		8DE14FE043E91B03A8DEE1B6 /* Info-AU.plist */ /* Info-AU.plist */ = {isa = PBXFileReference; lastKnownFileType = text.plist.xml; name = "Info-AU.plist"; path = "Info-AU.plist"; sourceTree = SOURCE_ROOT; };
		92655C9FDC4CD75E95A695CC /* include_juce_audio_plugin_client_AU_2.mm */ /* include_juce_audio_plugin_client_AU_2.mm */ = {isa = PBXFileReference; lastKnownFileType = sourcecode.cpp.objcpp; name = include_juce_audio_plugin_client_AU_2.mm; path = ../../JuceLibraryCode/include_juce_audio_plugin_client_AU_2.mm; sourceTree = SOURCE_ROOT; };
		954955788C0638060990827D /* IOKit.framework */ /* IOKit.framework */ = {isa = PBXFileReference; lastKnownFileType = wrapper.framework; name = IOKit.framework; path = System/Library/Frameworks/IOKit.framework; sourceTree = SDKROOT; };
		96E9D7D1D6D3F51A2E347B08 /* include_juce_audio_plugin_client_utils.cpp */ /* include_juce_audio_plugin_client_utils.cpp */ = {isa = PBXFileReference; lastKnownFileType = sourcecode.cpp.cpp; name = include_juce_audio_plugin_client_utils.cpp; path = ../../JuceLibraryCode/include_juce_audio_plugin_client_utils.cpp; sourceTree = SOURCE_ROOT; };
		9B08AE45E5D707CBAAD0476E /* include_juce_audio_basics.mm */ /* include_juce_audio_basics.mm */ = {isa = PBXFileReference; lastKnownFileType = sourcecode.cpp.objcpp; name = include_juce_audio_basics.mm; path = ../../JuceLibraryCode/include_juce_audio_basics.mm; sourceTree = SOURCE_ROOT; };
		9B984C2E9870FC8A0CC89321 /* Shared Code */ = {isa = PBXFileReference; explicitFileType = archive.ar; includeInIndex = 0; path = libNeuralDoubler.a; sourceTree = BUILT_PRODUCTS_DIR; };
		AEFDC774C9356E70368346A5 /* include_juce_gui_basics.mm */ /* include_juce_gui_basics.mm */ = {isa = PBXFileReference; lastKnownFileType = sourcecode.cpp.objcpp; name = include_juce_gui_basics.mm; path = ../../JuceLibraryCode/include_juce_gui_basics.mm; sourceTree = SOURCE_ROOT; };
		B372DB8DB533B78114622644 /* AU */ = {isa = PBXFileReference; explicitFileType = wrapper.cfbundle; includeInIndex = 0; path = NeuralDoubler.component; sourceTree = BUILT_PRODUCTS_DIR; };
		B43AC8D3E1FEE4FE7481F051 /* include_juce_core.mm */ /* include_juce_core.mm */ = {isa = PBXFileReference; lastKnownFileType = sourcecode.cpp.objcpp; name = include_juce_core.mm; path = ../../JuceLibraryCode/include_juce_core.mm; sourceTree = SOURCE_ROOT; };
		C260F4BC56FD8D56DC58B91E /* Standalone Plugin */ = {isa = PBXFileReference; explicitFileType = wrapper.application; includeInIndex = 0; path = NeuralDoubler.app; sourceTree = BUILT_PRODUCTS_DIR; };
		C4AE94424B665E45FD322897 /* CoreAudio.framework */ /* CoreAudio.framework */ = {isa = PBXFileReference; lastKnownFileType = wrapper.framework; name = CoreAudio.framework; path = System/Library/Frameworks/CoreAudio.framework; sourceTree = SDKROOT; };
		C52F5EE6499A55E24C6C2974 /* juce_dsp */ /* juce_dsp */ = {isa = PBXFileReference; lastKnownFileType = folder; name = juce_dsp; path = "~/JUCE/modules/juce_dsp"; sourceTree = "<absolute>"; };
		D0C5B2C0CE704E6DCAE8E764 /* WebKit.framework */ /* WebKit.framework */ = {isa = PBXFileReference; lastKnownFileType = wrapper.framework; name = WebKit.framework; path = System/Library/Frameworks/WebKit.framework; sourceTree = SDKROOT; };
		D4687B4453F37836ED62310F /* DiscRecording.framework */ /* DiscRecording.framework */ = {isa = PBXFileReference; lastKnownFileType = wrapper.framework; name = DiscRecording.framework; path = System/Library/Frameworks/DiscRecording.framework; sourceTree = SDKROOT; };
		D9E3A514E5BF892CFA2DE469 /* include_juce_data_structures.mm */ /* include_juce_data_structures.mm */ = {isa = PBXFileReference; lastKnownFileType = sourcecode.cpp.objcpp; name = include_juce_data_structures.mm; path = ../../JuceLibraryCode/include_juce_data_structures.mm; sourceTree = SOURCE_ROOT; };
		DDBB5450A959F84B33458820 /* PluginProcessor.h */ /* PluginProcessor.h */ = {isa = PBXFileReference; lastKnownFileType = sourcecode.c.h; name = PluginProcessor.h; path = ../../Source/PluginProcessor.h; sourceTree = SOURCE_ROOT; };
		DE970DA0C5E2BF4197636C33 /* include_juce_audio_plugin_client_ARA.cpp */ /* include_juce_audio_plugin_client_ARA.cpp */ = {isa = PBXFileReference; lastKnownFileType = sourcecode.cpp.cpp; name = include_juce_audio_plugin_client_ARA.cpp; path = ../../JuceLibraryCode/include_juce_audio_plugin_client_ARA.cpp; sourceTree = SOURCE_ROOT; };
		E10DE67D7340571A67E9B7FC /* PluginEditor.cpp */ /* PluginEditor.cpp */ = {isa = PBXFileReference; lastKnownFileType = sourcecode.cpp.cpp; name = PluginEditor.cpp; path = ../../Source/PluginEditor.cpp; sourceTree = SOURCE_ROOT; };
		E256B2826CF8452548108E4D /* juce_gui_extra */ /* juce_gui_extra */ = {isa = PBXFileReference; lastKnownFileType = folder; name = juce_gui_extra; path = "~/JUCE/modules/juce_gui_extra"; sourceTree = "<absolute>"; };
		E3D547E72152F75084C3FCBD /* include_juce_dsp.mm */ /* include_juce_dsp.mm */ = {isa = PBXFileReference; lastKnownFileType = sourcecode.cpp.objcpp; name = include_juce_dsp.mm; path = ../../JuceLibraryCode/include_juce_dsp.mm; sourceTree = SOURCE_ROOT; };
		E49D944D4994D42B0D77EEAD /* Cocoa.framework */ /* Cocoa.framework */ = {isa = PBXFileReference; lastKnownFileType = wrapper.framework; name = Cocoa.framework; path = System/Library/Frameworks/Cocoa.framework; sourceTree = SDKROOT; };
		E6AB60D0072FF354BD3031D3 /* include_juce_graphics.mm */ /* include_juce_graphics.mm */ = {isa = PBXFileReference; lastKnownFileType = sourcecode.cpp.objcpp; name = include_juce_graphics.mm; path = ../../JuceLibraryCode/include_juce_graphics.mm; sourceTree = SOURCE_ROOT; };
		EE9B8CBD392767B22BFEDC74 /* juce_audio_utils */ /* juce_audio_utils */ = {isa = PBXFileReference; lastKnownFileType = folder; name = juce_audio_utils; path = "~/JUCE/modules/juce_audio_utils"; sourceTree = "<absolute>"; };
		F0F2246B7A1CF9715E942160 /* PluginProcessor.cpp */ /* PluginProcessor.cpp */ = {isa = PBXFileReference; lastKnownFileType = sourcecode.cpp.cpp; name = PluginProcessor.cpp; path = ../../Source/PluginProcessor.cpp; sourceTree = SOURCE_ROOT; };
		FA5425FA45566F7138C50D41 /* juce_core */ /* juce_core */ = {isa = PBXFileReference; lastKnownFileType = folder; name = juce_core; path = "~/JUCE/modules/juce_core"; sourceTree = "<absolute>"; };
		FB413A0001D0CEE333279B45 /* VST3 */ = {isa = PBXFileReference; explicitFileType = wrapper.cfbundle; includeInIndex = 0; path = NeuralDoubler.vst3; sourceTree = BUILT_PRODUCTS_DIR; };
/* End PBXFileReference section */

/* Begin PBXFrameworksBuildPhase section */
		1A04D07887CD819D0E26A0B9 = {
			isa = PBXFrameworksBuildPhase;
			buildActionMask = 2147483647;
			files = (
				428DB0200D19B6E140BF0F59,
				E853B6434404D639E7C0132C,
				D5B4D2BE6464F0BF99B21E4E,
				C4B9AF3A39A27FC913CA5554,
				D4EA4EE48D9A42148BEB0B73,
				7B6B05F382336C976263E636,
				F353272C300BA7BE62A74830,
				BD543AB8FA261A54451F40DD,
				3B19BB493FC41AA2D24EBFC9,
				E7D313F2AC71E1FF934934AC,
				578F8B24D511592BF64CD321,
			);
			runOnlyForDeploymentPostprocessing = 0;
		};
		21B8642AE2FD7A1B80EA6507 = {
			isa = PBXFrameworksBuildPhase;
			buildActionMask = 2147483647;
			files = (
				428DB0200D19B6E140BF0F59,
				E853B6434404D639E7C0132C,
				D5B4D2BE6464F0BF99B21E4E,
				C4B9AF3A39A27FC913CA5554,
				D4EA4EE48D9A42148BEB0B73,
				7B6B05F382336C976263E636,
				F353272C300BA7BE62A74830,
				BD543AB8FA261A54451F40DD,
				3B19BB493FC41AA2D24EBFC9,
				E7D313F2AC71E1FF934934AC,
				578F8B24D511592BF64CD321,
			);
			runOnlyForDeploymentPostprocessing = 0;
		};
		6F75BF829769078619154F6A = {
			isa = PBXFrameworksBuildPhase;
			buildActionMask = 2147483647;
			files = (
				5B3CFB30933DF6513A7075C3,
				428DB0200D19B6E140BF0F59,
				E853B6434404D639E7C0132C,
				D5B4D2BE6464F0BF99B21E4E,
				C4B9AF3A39A27FC913CA5554,
				D4EA4EE48D9A42148BEB0B73,
				7B6B05F382336C976263E636,
				F353272C300BA7BE62A74830,
				BD543AB8FA261A54451F40DD,
				3B19BB493FC41AA2D24EBFC9,
				E7D313F2AC71E1FF934934AC,
				578F8B24D511592BF64CD321,
			);
			runOnlyForDeploymentPostprocessing = 0;
		};
/* End PBXFrameworksBuildPhase section */

/* Begin PBXGroup section */
		120FBAC8E4B7A7CA82E923E8 /* JUCE Modules */ = {
			isa = PBXGroup;
			children = (
				5E554176C5DA2DD96D30145C,
				00DFE6538ACF0AC222669789,
				7CC34B6DA450AB1533D48828,
				4B05E8D5242733F56741464F,
				21B1C35EE91B6B837E740892,
				EE9B8CBD392767B22BFEDC74,
				FA5425FA45566F7138C50D41,
				0D6D47BE19E1686AA04C49F1,
				C52F5EE6499A55E24C6C2974,
				30E5EF05658A114FD31A3E59,
				34E9D71EE85C0FE56ADA3F1F,
				58C60FA26BE23D0AC1C48A6F,
				E256B2826CF8452548108E4D,
			);
			name = "JUCE Modules";
			sourceTree = "<group>";
		};
		1299640E10097E1F8F563E1C /* NeuralDoubler */ = {
			isa = PBXGroup;
			children = (
				1B8F79E513C85145336BA563,
			);
			name = NeuralDoubler;
			sourceTree = "<group>";
		};
		1930EA58DA1FC393981AB97F /* Source */ = {
			isa = PBXGroup;
			children = (
				1299640E10097E1F8F563E1C,
				120FBAC8E4B7A7CA82E923E8,
				33CB141CBA2D9AEC8DC07524,
				B453FD060E2A4173371FFDA2,
				8B0ACC7823BE8D838FC43EC4,
				58E9784E2AFE036A5FE6523B,
			);
			name = Source;
			sourceTree = "<group>";
		};
		1B8F79E513C85145336BA563 /* Source */ = {
			isa = PBXGroup;
			children = (
				F0F2246B7A1CF9715E942160,
				DDBB5450A959F84B33458820,
				E10DE67D7340571A67E9B7FC,
				3E9C9DF04C26FEC3354BD0AA,
			);
			name = Source;
			sourceTree = "<group>";
		};
		33CB141CBA2D9AEC8DC07524 /* JUCE Library Code */ = {
			isa = PBXGroup;
			children = (
				9B08AE45E5D707CBAAD0476E,
				227BCDFB8237AF0AE25F348E,
				602AC17EAC852FCAC5319B74,
				DE970DA0C5E2BF4197636C33,
				57AC35C2AE829F0159ED76AC,
				92655C9FDC4CD75E95A695CC,
				3284962042DE59489D9FC3EF,
				96E9D7D1D6D3F51A2E347B08,
				52AB03E7AF6B80E17846CB27,
				2E29984C37CD22736398B8D7,
				6F06CC5D4C33579D82D9329C,
				2ABDCE0318F400541210D8C5,
				5DC7DE54309BF8E21798FAE5,
				28B1222129501C0C0B33748B,
				B43AC8D3E1FEE4FE7481F051,
				D9E3A514E5BF892CFA2DE469,
				E3D547E72152F75084C3FCBD,
				29CE8BBCA078456275435F4E,
				E6AB60D0072FF354BD3031D3,
				AEFDC774C9356E70368346A5,
				75ABAC4CF626DCE909768C78,
				635BF8A9EB4B1522C3F27216,
				73D9F4DA2FFD6C790CC1BB7F,
			);
			name = "JUCE Library Code";
			sourceTree = "<group>";
		};
		58E9784E2AFE036A5FE6523B /* Products */ = {
			isa = PBXGroup;
			children = (
				FB413A0001D0CEE333279B45,
				B372DB8DB533B78114622644,
				C260F4BC56FD8D56DC58B91E,
				9B984C2E9870FC8A0CC89321,
			);
			name = Products;
			sourceTree = "<group>";
		};
		8B0ACC7823BE8D838FC43EC4 /* Frameworks */ = {
			isa = PBXGroup;
			children = (
				65959CE06900CE205054E221,
				365E444FACD9E3F45E497349,
				0E8ACBEE605F320FCA3374B5,
				E49D944D4994D42B0D77EEAD,
				C4AE94424B665E45FD322897,
				17C52F3916A39B32ACD8B716,
				2E8375749BCA5AD094E90A6C,
				D4687B4453F37836ED62310F,
				52733509C12758B116E1C0A0,
				954955788C0638060990827D,
				8C736DEF716EDEBEABCA8474,
				D0C5B2C0CE704E6DCAE8E764,
			);
			name = Frameworks;
			sourceTree = "<group>";
		};
		B453FD060E2A4173371FFDA2 /* Resources */ = {
			isa = PBXGroup;
			children = (
				3E7380F302CB1C48C56940E3,
				3E4B03E695272E1AB0AE728E,
				8DE14FE043E91B03A8DEE1B6,
				8AD33A65B46EDA36064AE1DE,
				85C0E32337CC5BDC21AFF447,
			);
			name = Resources;
			sourceTree = "<group>";
		};
/* End PBXGroup section */

/* Begin PBXNativeTarget section */
		B0BA2C07E2C2CD168FE2DB39 /* NeuralDoubler - AU */ = {
			isa = PBXNativeTarget;
			buildConfigurationList = F801013D9F17B920F70743A4;
			buildPhases = (
				6945F89809E859D677AF8CD6,
				B5870EC18A8D616AA5D074BB,
				6F75BF829769078619154F6A,
			);
			buildRules = (
			);
			dependencies = (
				EECA1306F854212502C8644C,
			);
			name = "NeuralDoubler - AU";
			productName = NeuralDoubler;
			productReference = B372DB8DB533B78114622644;
			productType = "com.apple.product-type.bundle";
		};
		C3AA95162BB5CA3C1A14FCD9 /* NeuralDoubler - Shared Code */ = {
			isa = PBXNativeTarget;
			buildConfigurationList = 2C788F8D399450FE014991BE;
			buildPhases = (
				01D59D6D693DCED8800164FD,
			);
			buildRules = (
			);
			dependencies = (
			);
			name = "NeuralDoubler - Shared Code";
			productName = NeuralDoubler;
			productReference = 9B984C2E9870FC8A0CC89321;
			productType = "com.apple.product-type.library.static";
		};
		DE7C587C3EAA0A04E83F953E /* NeuralDoubler - Standalone Plugin */ = {
			isa = PBXNativeTarget;
			buildConfigurationList = D0E74396B8F651B8C0D3C96C;
			buildPhases = (
				5183F1794C8A54E81FF7F226,
				45D43917C0F3EAFD42542CC0,
				1A04D07887CD819D0E26A0B9,
			);
			buildRules = (
			);
			dependencies = (
				9C055974ADDFCA7D8C589B8A,
			);
			name = "NeuralDoubler - Standalone Plugin";
			productName = NeuralDoubler;
			productReference = C260F4BC56FD8D56DC58B91E;
			productType = "com.apple.product-type.application";
		};
		E130ABA9B4119A0EF8C01ACE /* NeuralDoubler - VST3 */ = {
			isa = PBXNativeTarget;
			buildConfigurationList = 976A41126F8B715349B6F860;
			buildPhases = (
				AE3FA16FC65A5A2E7233D47F,
				DF2E3DCC95AB0DF682DF5C0F,
				21B8642AE2FD7A1B80EA6507,
			);
			buildRules = (
			);
			dependencies = (
				0DB3F570F34AD8885C96880A,
			);
			name = "NeuralDoubler - VST3";
			productName = NeuralDoubler;
			productReference = FB413A0001D0CEE333279B45;
			productType = "com.apple.product-type.bundle";
		};
/* End PBXNativeTarget section */

/* Begin PBXProject section */
		82C8D73E7D84E8B99E5EE85C = {
			isa = PBXProject;
			attributes = {
				LastUpgradeCheck = 1340;
				ORGANIZATIONNAME = "SonicVitamin";
				TargetAttributes = {
					B0BA2C07E2C2CD168FE2DB39 = {
						SystemCapabilities = {
							com.apple.ApplicationGroups.iOS = {
								enabled = 0;
							};
							com.apple.HardenedRuntime = {
								enabled = 0;
							};
							com.apple.InAppPurchase = {
								enabled = 0;
							};
							com.apple.InterAppAudio = {
								enabled = 0;
							};
							com.apple.Push = {
								enabled = 0;
							};
							com.apple.Sandbox = {
								enabled = 0;
							};
						};
					};
					BDE84391D5491C971691DEF5 = {
						SystemCapabilities = {
							com.apple.ApplicationGroups.iOS = {
								enabled = 0;
							};
							com.apple.HardenedRuntime = {
								enabled = 0;
							};
							com.apple.InAppPurchase = {
								enabled = 0;
							};
							com.apple.InterAppAudio = {
								enabled = 0;
							};
							com.apple.Push = {
								enabled = 0;
							};
							com.apple.Sandbox = {
								enabled = 0;
							};
						};
					};
					C3AA95162BB5CA3C1A14FCD9 = {
						SystemCapabilities = {
							com.apple.ApplicationGroups.iOS = {
								enabled = 0;
							};
							com.apple.HardenedRuntime = {
								enabled = 0;
							};
							com.apple.InAppPurchase = {
								enabled = 0;
							};
							com.apple.InterAppAudio = {
								enabled = 0;
							};
							com.apple.Push = {
								enabled = 0;
							};
							com.apple.Sandbox = {
								enabled = 0;
							};
						};
					};
					DE7C587C3EAA0A04E83F953E = {
						SystemCapabilities = {
							com.apple.ApplicationGroups.iOS = {
								enabled = 0;
							};
							com.apple.HardenedRuntime = {
								enabled = 0;
							};
							com.apple.InAppPurchase = {
								enabled = 0;
							};
							com.apple.InterAppAudio = {
								enabled = 0;
							};
							com.apple.Push = {
								enabled = 0;
							};
							com.apple.Sandbox = {
								enabled = 0;
							};
						};
					};
					E130ABA9B4119A0EF8C01ACE = {
						SystemCapabilities = {
							com.apple.ApplicationGroups.iOS = {
								enabled = 0;
							};
							com.apple.HardenedRuntime = {
								enabled = 0;
							};
							com.apple.InAppPurchase = {
								enabled = 0;
							};
							com.apple.InterAppAudio = {
								enabled = 0;
							};
							com.apple.Push = {
								enabled = 0;
							};
							com.apple.Sandbox = {
								enabled = 0;
							};
						};
					};
				};
			};
			buildConfigurationList = 7452108E750045C6F42C581E;
			compatibilityVersion = "Xcode 3.2";
			hasScannedForEncodings = 0;
			knownRegions = (
				en,
				Base,
			);
			mainGroup = 1930EA58DA1FC393981AB97F;
			projectDirPath = "";
			projectRoot = "";
			targets = (
				BDE84391D5491C971691DEF5,
				E130ABA9B4119A0EF8C01ACE,
				B0BA2C07E2C2CD168FE2DB39,
				DE7C587C3EAA0A04E83F953E,
				C3AA95162BB5CA3C1A14FCD9,
			);
		};
/* End PBXProject section */

/* Begin PBXResourcesBuildPhase section */
		5183F1794C8A54E81FF7F226 = {
			isa = PBXResourcesBuildPhase;
			buildActionMask = 2147483647;
			files = (
				141E7FC106406F919AACD833,
				DB89182BA7BA6A6A4D5FBCD9,
			);
			runOnlyForDeploymentPostprocessing = 0;
		};
		6945F89809E859D677AF8CD6 = {
			isa = PBXResourcesBuildPhase;
			buildActionMask = 2147483647;
			files = (
				141E7FC106406F919AACD833,
				DB89182BA7BA6A6A4D5FBCD9,
			);
			runOnlyForDeploymentPostprocessing = 0;
		};
		AE3FA16FC65A5A2E7233D47F = {
			isa = PBXResourcesBuildPhase;
			buildActionMask = 2147483647;
			files = (
				141E7FC106406F919AACD833,
				DB89182BA7BA6A6A4D5FBCD9,
			);
			runOnlyForDeploymentPostprocessing = 0;
		};
/* End PBXResourcesBuildPhase section */

/* Begin PBXSourcesBuildPhase section */
		01D59D6D693DCED8800164FD = {
			isa = PBXSourcesBuildPhase;
			buildActionMask = 2147483647;
			files = (
				147BDBC4FC240EE0AE8C743F,
				A4CA37711069DCD6B8329410,
				93DBD7E6D46E1B84CE967F2B,
				7C9D199A7C7D1ECBCEE3197A,
				751B5263DF7A255A91FE3C3E,
				413F23853ED234CEBA3BD7E9,
				5EC71DD46598E4A743B04542,
				2C5059C7CE9037331712985E,
				D5EF27BA6F4CD79EB1CE6643,
				2002642F36FEE8AF8B61053E,
				8E8521E07589095A0A9625D5,
				A6A256F6B94ACA39AC2F104D,
				9B7F6888AEC2EFD93A312885,
				4245DAB0C0ECCB285943C5C5,
				86CBAC2B448C9CAC34484F91,
				10FEADC17F4A636D0ACBD024,
				841F993151DB42BDE4AF98D4,
				55EB80B62349FB8156DDFDD5,
				DAB7DFAC46323987A6B55D93,
			);
			runOnlyForDeploymentPostprocessing = 0;
		};
		45D43917C0F3EAFD42542CC0 = {
			isa = PBXSourcesBuildPhase;
			buildActionMask = 2147483647;
			files = (
				AE28FCCFA1E41E28EE5F856F,
			);
			runOnlyForDeploymentPostprocessing = 0;
		};
		B5870EC18A8D616AA5D074BB = {
			isa = PBXSourcesBuildPhase;
			buildActionMask = 2147483647;
			files = (
				545FD039F37754F77FB43E22,
				D3607ED27B82DD6EFAFF616F,
			);
			runOnlyForDeploymentPostprocessing = 0;
		};
		DF2E3DCC95AB0DF682DF5C0F = {
			isa = PBXSourcesBuildPhase;
			buildActionMask = 2147483647;
			files = (
				69434F111775CAFB200D2C4D,
			);
			runOnlyForDeploymentPostprocessing = 0;
		};
/* End PBXSourcesBuildPhase section */

/* Begin PBXTargetDependency section */
		0DB3F570F34AD8885C96880A = {
			isa = PBXTargetDependency;
			target = C3AA95162BB5CA3C1A14FCD9;
		};
		69A18C452E181004FEDAFE35 = {
			isa = PBXTargetDependency;
			target = DE7C587C3EAA0A04E83F953E;
		};
		9C055974ADDFCA7D8C589B8A = {
			isa = PBXTargetDependency;
			target = C3AA95162BB5CA3C1A14FCD9;
		};
		B2516086AB981E5825A541CD = {
			isa = PBXTargetDependency;
			target = B0BA2C07E2C2CD168FE2DB39;
		};
		E869BE00D8380BDA96991981 = {
			isa = PBXTargetDependency;
			target = C3AA95162BB5CA3C1A14FCD9;
		};
		EECA1306F854212502C8644C = {
			isa = PBXTargetDependency;
			target = C3AA95162BB5CA3C1A14FCD9;
		};
		F9C772608629E97A8277ECE3 = {
			isa = PBXTargetDependency;
			target = E130ABA9B4119A0EF8C01ACE;
		};
/* End PBXTargetDependency section */

/* Begin XCBuildConfiguration section */
		00FCF5253604A1420730F134 /* Release */ = {
			isa = XCBuildConfiguration;
			buildSettings = {
				MACOSX_DEPLOYMENT_TARGET = 10.13;
				SDKROOT = macosx;
			};
			name = Release;
		};
		1B2CF021E08B082A412B37D8 /* Debug */ = {
			isa = XCBuildConfiguration;
			buildSettings = {
				CLANG_CXX_LANGUAGE_STANDARD = "c++17";
				CLANG_CXX_LIBRARY = "libc++";
				CLANG_LINK_OBJC_RUNTIME = NO;
				COMBINE_HIDPI_IMAGES = YES;
				CONFIGURATION_BUILD_DIR = "$(PROJECT_DIR)/build/$(CONFIGURATION)";
				COPY_PHASE_STRIP = NO;
				EXCLUDED_ARCHS = "";
				GCC_DYNAMIC_NO_PIC = NO;
				GCC_OPTIMIZATION_LEVEL = 0;
				GCC_PREPROCESSOR_DEFINITIONS = (
					"_DEBUG=1",
					"DEBUG=1",
					"JUCE_DISPLAY_SPLASH_SCREEN=0",
					"JUCE_USE_DARK_SPLASH_SCREEN=1",
					"JUCE_PROJUCER_VERSION=0x70005",
					"JUCE_MODULE_AVAILABLE_juce_audio_basics=1",
					"JUCE_MODULE_AVAILABLE_juce_audio_devices=1",
					"JUCE_MODULE_AVAILABLE_juce_audio_formats=1",
					"JUCE_MODULE_AVAILABLE_juce_audio_plugin_client=1",
					"JUCE_MODULE_AVAILABLE_juce_audio_processors=1",
					"JUCE_MODULE_AVAILABLE_juce_audio_utils=1",
					"JUCE_MODULE_AVAILABLE_juce_core=1",
					"JUCE_MODULE_AVAILABLE_juce_data_structures=1",
					"JUCE_MODULE_AVAILABLE_juce_dsp=1",
					"JUCE_MODULE_AVAILABLE_juce_events=1",
					"JUCE_MODULE_AVAILABLE_juce_graphics=1",
					"JUCE_MODULE_AVAILABLE_juce_gui_basics=1",
					"JUCE_MODULE_AVAILABLE_juce_gui_extra=1",
					"JUCE_GLOBAL_MODULE_SETTINGS_INCLUDED=1",
					"JUCE_VST3_CAN_REPLACE_VST2=0",
					"JUCE_STRICT_REFCOUNTEDPOINTER=1",
					"JucePlugin_Build_VST=0",
					"JucePlugin_Build_VST3=1",
					"JucePlugin_Build_AU=1",
					"JucePlugin_Build_AUv3=0",
					"JucePlugin_Build_AAX=0",
					"JucePlugin_Build_Standalone=1",
					"JucePlugin_Build_Unity=0",
					"JucePlugin_Build_LV2=0",
					"JucePlugin_Enable_IAA=0",
					"JucePlugin_Enable_ARA=0",
					"JucePlugin_Name=\\\"NuDoub\\\"",
					"JucePlugin_Desc=\\\"NeuralDoubler\\\"",
					"JucePlugin_Manufacturer=\\\"SonicVitamin\\\"",
					"JucePlugin_ManufacturerWebsite=\\\"www.SonicVitamin.com\\\"",
					"JucePlugin_ManufacturerEmail=\\\"\\\"",
					"JucePlugin_ManufacturerCode=0x536f7669",
					"JucePlugin_PluginCode=0x4e75646f",
					"JucePlugin_IsSynth=0",
					"JucePlugin_WantsMidiInput=0",
					"JucePlugin_ProducesMidiOutput=0",
					"JucePlugin_IsMidiEffect=0",
					"JucePlugin_EditorRequiresKeyboardFocus=0",
					"JucePlugin_Version=0.1.0",
					"JucePlugin_VersionCode=0x100",
					"JucePlugin_VersionString=\\\"0.1.0\\\"",
					"JucePlugin_VSTUniqueID=JucePlugin_PluginCode",
					"JucePlugin_VSTCategory=kPlugCategEffect",
					"JucePlugin_Vst3Category=\\\"Fx\\\"",
					"JucePlugin_AUMainType=\\'aufx\\'",
					"JucePlugin_AUSubType=JucePlugin_PluginCode",
					"JucePlugin_AUExportPrefix=NeuralDoublerAU",
					"JucePlugin_AUExportPrefixQuoted=\\\"NeuralDoublerAU\\\"",
					"JucePlugin_AUManufacturerCode=JucePlugin_ManufacturerCode",
					"JucePlugin_CFBundleIdentifier=com.SonicVitamin.NeuralDoubler",
					"JucePlugin_AAXIdentifier=com.SonicVitamin.NeuralDoubler",
					"JucePlugin_AAXManufacturerCode=JucePlugin_ManufacturerCode",
					"JucePlugin_AAXProductId=JucePlugin_PluginCode",
					"JucePlugin_AAXCategory=0",
					"JucePlugin_AAXDisableBypass=0",
					"JucePlugin_AAXDisableMultiMono=0",
					"JucePlugin_IAAType=0x61757278",
					"JucePlugin_IAASubType=JucePlugin_PluginCode",
					"JucePlugin_IAAName=\\\"SonicVitamin:\\ NuDoub\\\"",
					"JucePlugin_VSTNumMidiInputs=16",
					"JucePlugin_VSTNumMidiOutputs=16",
					"JucePlugin_ARAContentTypes=0",
					"JucePlugin_ARATransformationFlags=0",
					"JucePlugin_ARAFactoryID=\\\"com.SonicVitamin.NeuralDoubler.factory\\\"",
					"JucePlugin_ARADocumentArchiveID=\\\"com.SonicVitamin.NeuralDoubler.aradocumentarchive.0.1.0\\\"",
					"JucePlugin_ARACompatibleArchiveIDs=\\\"\\\"",
					"JUCE_STANDALONE_APPLICATION=JucePlugin_Build_Standalone",
					"JUCER_XCODE_MAC_F6D2F4CF=1",
					"JUCE_APP_VERSION=0.1.0",
					"JUCE_APP_VERSION_HEX=0x100",
					"JUCE_SHARED_CODE=1",
				);
				GCC_VERSION = com.apple.compilers.llvm.clang.1_0;
				HEADER_SEARCH_PATHS = (
					"$(HOME)/JUCE/modules/juce_audio_processors/format_types/VST3_SDK",
					"$(SRCROOT)/../../JuceLibraryCode",
					"$(HOME)/JUCE/modules",
					"$(SRCROOT)/../../onnxruntime/onnxruntime-osx-universal2-1.14.1/include",
					"$(HOME)/JUCE/modules/juce_audio_plugin_client/AU",
					"$(inherited)",
				);
				INSTALL_PATH = "@executable_path/../Frameworks";
				LD_RUNPATH_SEARCH_PATHS = "@loader_path/../Resources/lib";
				LIBRARY_SEARCH_PATHS = (
					"$(inherited)",
					"\"../../onnxruntime/onnxruntime-osx-universal2-1.14.1/lib\"",
				);
				MACOSX_DEPLOYMENT_TARGET = 10.13;
				MTL_HEADER_SEARCH_PATHS = "$(HOME)/JUCE/modules/juce_audio_processors/format_types/VST3_SDK $(SRCROOT)/../../JuceLibraryCode $(HOME)/JUCE/modules $(SRCROOT)/../../onnxruntime/onnxruntime-osx-universal2-1.14.1/include $(HOME)/JUCE/modules/juce_audio_plugin_client/AU";
				OTHER_LDFLAGS = "-weak_framework Metal -weak_framework MetalKit";
				PRODUCT_BUNDLE_IDENTIFIER = com.SonicVitamin.NeuralDoubler;
				PRODUCT_NAME = "NeuralDoubler";
				SKIP_INSTALL = YES;
				USE_HEADERMAP = NO;
				VALID_ARCHS = "i386 x86_64 arm64 arm64e";
			};
			name = Debug;
		};
		2012328285B8B4FA3D6C9E89 /* Release */ = {
			isa = XCBuildConfiguration;
			buildSettings = {
				CLANG_CXX_LANGUAGE_STANDARD = "c++17";
				CLANG_CXX_LIBRARY = "libc++";
				CLANG_LINK_OBJC_RUNTIME = NO;
				COMBINE_HIDPI_IMAGES = YES;
				CONFIGURATION_BUILD_DIR = "$(PROJECT_DIR)/build/$(CONFIGURATION)";
				DEAD_CODE_STRIPPING = YES;
				EXCLUDED_ARCHS = "";
				GCC_GENERATE_DEBUGGING_SYMBOLS = NO;
				GCC_OPTIMIZATION_LEVEL = 3;
				GCC_PREPROCESSOR_DEFINITIONS = (
					"_NDEBUG=1",
					"NDEBUG=1",
					"JUCE_DISPLAY_SPLASH_SCREEN=0",
					"JUCE_USE_DARK_SPLASH_SCREEN=1",
					"JUCE_PROJUCER_VERSION=0x70005",
					"JUCE_MODULE_AVAILABLE_juce_audio_basics=1",
					"JUCE_MODULE_AVAILABLE_juce_audio_devices=1",
					"JUCE_MODULE_AVAILABLE_juce_audio_formats=1",
					"JUCE_MODULE_AVAILABLE_juce_audio_plugin_client=1",
					"JUCE_MODULE_AVAILABLE_juce_audio_processors=1",
					"JUCE_MODULE_AVAILABLE_juce_audio_utils=1",
					"JUCE_MODULE_AVAILABLE_juce_core=1",
					"JUCE_MODULE_AVAILABLE_juce_data_structures=1",
					"JUCE_MODULE_AVAILABLE_juce_dsp=1",
					"JUCE_MODULE_AVAILABLE_juce_events=1",
					"JUCE_MODULE_AVAILABLE_juce_graphics=1",
					"JUCE_MODULE_AVAILABLE_juce_gui_basics=1",
					"JUCE_MODULE_AVAILABLE_juce_gui_extra=1",
					"JUCE_GLOBAL_MODULE_SETTINGS_INCLUDED=1",
					"JUCE_VST3_CAN_REPLACE_VST2=0",
					"JUCE_STRICT_REFCOUNTEDPOINTER=1",
					"JucePlugin_Build_VST=0",
					"JucePlugin_Build_VST3=0",
					"JucePlugin_Build_AU=0",
					"JucePlugin_Build_AUv3=0",
					"JucePlugin_Build_AAX=0",
					"JucePlugin_Build_Standalone=1",
					"JucePlugin_Build_Unity=0",
					"JucePlugin_Build_LV2=0",
					"JucePlugin_Enable_IAA=0",
					"JucePlugin_Enable_ARA=0",
					"JucePlugin_Name=\\\"NuDoub\\\"",
					"JucePlugin_Desc=\\\"NeuralDoubler\\\"",
					"JucePlugin_Manufacturer=\\\"SonicVitamin\\\"",
					"JucePlugin_ManufacturerWebsite=\\\"www.SonicVitamin.com\\\"",
					"JucePlugin_ManufacturerEmail=\\\"\\\"",
					"JucePlugin_ManufacturerCode=0x536f7669",
					"JucePlugin_PluginCode=0x4e75646f",
					"JucePlugin_IsSynth=0",
					"JucePlugin_WantsMidiInput=0",
					"JucePlugin_ProducesMidiOutput=0",
					"JucePlugin_IsMidiEffect=0",
					"JucePlugin_EditorRequiresKeyboardFocus=0",
					"JucePlugin_Version=0.1.0",
					"JucePlugin_VersionCode=0x100",
					"JucePlugin_VersionString=\\\"0.1.0\\\"",
					"JucePlugin_VSTUniqueID=JucePlugin_PluginCode",
					"JucePlugin_VSTCategory=kPlugCategEffect",
					"JucePlugin_Vst3Category=\\\"Fx\\\"",
					"JucePlugin_AUMainType=\\'aufx\\'",
					"JucePlugin_AUSubType=JucePlugin_PluginCode",
					"JucePlugin_AUExportPrefix=NeuralDoublerAU",
					"JucePlugin_AUExportPrefixQuoted=\\\"NeuralDoublerAU\\\"",
					"JucePlugin_AUManufacturerCode=JucePlugin_ManufacturerCode",
					"JucePlugin_CFBundleIdentifier=com.SonicVitamin.NeuralDoubler",
					"JucePlugin_AAXIdentifier=com.SonicVitamin.NeuralDoubler",
					"JucePlugin_AAXManufacturerCode=JucePlugin_ManufacturerCode",
					"JucePlugin_AAXProductId=JucePlugin_PluginCode",
					"JucePlugin_AAXCategory=0",
					"JucePlugin_AAXDisableBypass=0",
					"JucePlugin_AAXDisableMultiMono=0",
					"JucePlugin_IAAType=0x61757278",
					"JucePlugin_IAASubType=JucePlugin_PluginCode",
					"JucePlugin_IAAName=\\\"SonicVitamin:\\ NuDoub\\\"",
					"JucePlugin_VSTNumMidiInputs=16",
					"JucePlugin_VSTNumMidiOutputs=16",
					"JucePlugin_ARAContentTypes=0",
					"JucePlugin_ARATransformationFlags=0",
					"JucePlugin_ARAFactoryID=\\\"com.SonicVitamin.NeuralDoubler.factory\\\"",
					"JucePlugin_ARADocumentArchiveID=\\\"com.SonicVitamin.NeuralDoubler.aradocumentarchive.0.1.0\\\"",
					"JucePlugin_ARACompatibleArchiveIDs=\\\"\\\"",
					"JUCE_STANDALONE_APPLICATION=JucePlugin_Build_Standalone",
					"JUCER_XCODE_MAC_F6D2F4CF=1",
					"JUCE_APP_VERSION=0.1.0",
					"JUCE_APP_VERSION_HEX=0x100",
				);
				GCC_VERSION = com.apple.compilers.llvm.clang.1_0;
				HEADER_SEARCH_PATHS = (
					"$(HOME)/JUCE/modules/juce_audio_processors/format_types/VST3_SDK",
					"$(SRCROOT)/../../JuceLibraryCode",
					"$(HOME)/JUCE/modules",
					"/Users/cpoohee/Documents/onnxruntime/onnxruntime-osx-universal2-1.14.1/include",
					"$(HOME)/JUCE/modules/juce_audio_plugin_client/AU",
					"$(inherited)",
				);
				INFOPLIST_FILE = Info-Standalone_Plugin.plist;
				INFOPLIST_PREPROCESS = NO;
				LD_RUNPATH_SEARCH_PATHS = "@loader_path/../Resources/lib";
				LIBRARY_SEARCH_PATHS = (
					"$(inherited)",
					"\"/Users/cpoohee/Documents/onnxruntime/onnxruntime-osx-universal2-1.14.1/lib\"",
				);
				LLVM_LTO = YES;
				MACOSX_DEPLOYMENT_TARGET = 10.13;
				MTL_HEADER_SEARCH_PATHS = "$(HOME)/JUCE/modules/juce_audio_processors/format_types/VST3_SDK $(SRCROOT)/../../JuceLibraryCode $(HOME)/JUCE/modules /Users/cpoohee/Documents/onnxruntime/onnxruntime-osx-universal2-1.14.1/include $(HOME)/JUCE/modules/juce_audio_plugin_client/AU";
				OTHER_LDFLAGS = "-lNeuralDoubler -lonnxruntime -weak_framework Metal -weak_framework MetalKit";
				PRODUCT_BUNDLE_IDENTIFIER = com.SonicVitamin.NeuralDoubler;
				PRODUCT_NAME = "NeuralDoubler";
				USE_HEADERMAP = NO;
				VALID_ARCHS = "i386 x86_64 arm64 arm64e";
			};
			name = Release;
		};
		6D3B7CE6225D1E7A75B062CD /* Release */ = {
			isa = XCBuildConfiguration;
			buildSettings = {
				CLANG_CXX_LANGUAGE_STANDARD = "c++17";
				CLANG_CXX_LIBRARY = "libc++";
				CLANG_LINK_OBJC_RUNTIME = NO;
				COMBINE_HIDPI_IMAGES = YES;
				CONFIGURATION_BUILD_DIR = "$(PROJECT_DIR)/build/$(CONFIGURATION)";
				DEAD_CODE_STRIPPING = YES;
				EXCLUDED_ARCHS = "";
				GCC_GENERATE_DEBUGGING_SYMBOLS = NO;
				GCC_OPTIMIZATION_LEVEL = 3;
				GCC_PREPROCESSOR_DEFINITIONS = (
					"_NDEBUG=1",
					"NDEBUG=1",
					"JUCE_DISPLAY_SPLASH_SCREEN=0",
					"JUCE_USE_DARK_SPLASH_SCREEN=1",
					"JUCE_PROJUCER_VERSION=0x70005",
					"JUCE_MODULE_AVAILABLE_juce_audio_basics=1",
					"JUCE_MODULE_AVAILABLE_juce_audio_devices=1",
					"JUCE_MODULE_AVAILABLE_juce_audio_formats=1",
					"JUCE_MODULE_AVAILABLE_juce_audio_plugin_client=1",
					"JUCE_MODULE_AVAILABLE_juce_audio_processors=1",
					"JUCE_MODULE_AVAILABLE_juce_audio_utils=1",
					"JUCE_MODULE_AVAILABLE_juce_core=1",
					"JUCE_MODULE_AVAILABLE_juce_data_structures=1",
					"JUCE_MODULE_AVAILABLE_juce_dsp=1",
					"JUCE_MODULE_AVAILABLE_juce_events=1",
					"JUCE_MODULE_AVAILABLE_juce_graphics=1",
					"JUCE_MODULE_AVAILABLE_juce_gui_basics=1",
					"JUCE_MODULE_AVAILABLE_juce_gui_extra=1",
					"JUCE_GLOBAL_MODULE_SETTINGS_INCLUDED=1",
					"JUCE_VST3_CAN_REPLACE_VST2=0",
					"JUCE_STRICT_REFCOUNTEDPOINTER=1",
					"JucePlugin_Build_VST=0",
					"JucePlugin_Build_VST3=1",
					"JucePlugin_Build_AU=1",
					"JucePlugin_Build_AUv3=0",
					"JucePlugin_Build_AAX=0",
					"JucePlugin_Build_Standalone=1",
					"JucePlugin_Build_Unity=0",
					"JucePlugin_Build_LV2=0",
					"JucePlugin_Enable_IAA=0",
					"JucePlugin_Enable_ARA=0",
					"JucePlugin_Name=\\\"NuDoub\\\"",
					"JucePlugin_Desc=\\\"NeuralDoubler\\\"",
					"JucePlugin_Manufacturer=\\\"SonicVitamin\\\"",
					"JucePlugin_ManufacturerWebsite=\\\"www.SonicVitamin.com\\\"",
					"JucePlugin_ManufacturerEmail=\\\"\\\"",
					"JucePlugin_ManufacturerCode=0x536f7669",
					"JucePlugin_PluginCode=0x4e75646f",
					"JucePlugin_IsSynth=0",
					"JucePlugin_WantsMidiInput=0",
					"JucePlugin_ProducesMidiOutput=0",
					"JucePlugin_IsMidiEffect=0",
					"JucePlugin_EditorRequiresKeyboardFocus=0",
					"JucePlugin_Version=0.1.0",
					"JucePlugin_VersionCode=0x100",
					"JucePlugin_VersionString=\\\"0.1.0\\\"",
					"JucePlugin_VSTUniqueID=JucePlugin_PluginCode",
					"JucePlugin_VSTCategory=kPlugCategEffect",
					"JucePlugin_Vst3Category=\\\"Fx\\\"",
					"JucePlugin_AUMainType=\\'aufx\\'",
					"JucePlugin_AUSubType=JucePlugin_PluginCode",
					"JucePlugin_AUExportPrefix=NeuralDoublerAU",
					"JucePlugin_AUExportPrefixQuoted=\\\"NeuralDoublerAU\\\"",
					"JucePlugin_AUManufacturerCode=JucePlugin_ManufacturerCode",
					"JucePlugin_CFBundleIdentifier=com.SonicVitamin.NeuralDoubler",
					"JucePlugin_AAXIdentifier=com.SonicVitamin.NeuralDoubler",
					"JucePlugin_AAXManufacturerCode=JucePlugin_ManufacturerCode",
					"JucePlugin_AAXProductId=JucePlugin_PluginCode",
					"JucePlugin_AAXCategory=0",
					"JucePlugin_AAXDisableBypass=0",
					"JucePlugin_AAXDisableMultiMono=0",
					"JucePlugin_IAAType=0x61757278",
					"JucePlugin_IAASubType=JucePlugin_PluginCode",
					"JucePlugin_IAAName=\\\"SonicVitamin:\\ NuDoub\\\"",
					"JucePlugin_VSTNumMidiInputs=16",
					"JucePlugin_VSTNumMidiOutputs=16",
					"JucePlugin_ARAContentTypes=0",
					"JucePlugin_ARATransformationFlags=0",
					"JucePlugin_ARAFactoryID=\\\"com.SonicVitamin.NeuralDoubler.factory\\\"",
					"JucePlugin_ARADocumentArchiveID=\\\"com.SonicVitamin.NeuralDoubler.aradocumentarchive.0.1.0\\\"",
					"JucePlugin_ARACompatibleArchiveIDs=\\\"\\\"",
					"JUCE_STANDALONE_APPLICATION=JucePlugin_Build_Standalone",
					"JUCER_XCODE_MAC_F6D2F4CF=1",
					"JUCE_APP_VERSION=0.1.0",
					"JUCE_APP_VERSION_HEX=0x100",
					"JUCE_SHARED_CODE=1",
				);
				GCC_VERSION = com.apple.compilers.llvm.clang.1_0;
				HEADER_SEARCH_PATHS = (
					"$(HOME)/JUCE/modules/juce_audio_processors/format_types/VST3_SDK",
					"$(SRCROOT)/../../JuceLibraryCode",
					"$(HOME)/JUCE/modules",
					"/Users/cpoohee/Documents/onnxruntime/onnxruntime-osx-universal2-1.14.1/include",
					"$(HOME)/JUCE/modules/juce_audio_plugin_client/AU",
					"$(inherited)",
				);
				INSTALL_PATH = "@executable_path/../Frameworks";
				LD_RUNPATH_SEARCH_PATHS = "@loader_path/../Resources/lib";
				LIBRARY_SEARCH_PATHS = (
					"$(inherited)",
					"\"/Users/cpoohee/Documents/onnxruntime/onnxruntime-osx-universal2-1.14.1/lib\"",
				);
				LLVM_LTO = YES;
				MACOSX_DEPLOYMENT_TARGET = 10.13;
				MTL_HEADER_SEARCH_PATHS = "$(HOME)/JUCE/modules/juce_audio_processors/format_types/VST3_SDK $(SRCROOT)/../../JuceLibraryCode $(HOME)/JUCE/modules /Users/cpoohee/Documents/onnxruntime/onnxruntime-osx-universal2-1.14.1/include $(HOME)/JUCE/modules/juce_audio_plugin_client/AU";
				OTHER_LDFLAGS = "-weak_framework Metal -weak_framework MetalKit";
				PRODUCT_BUNDLE_IDENTIFIER = com.SonicVitamin.NeuralDoubler;
				PRODUCT_NAME = "NeuralDoubler";
				SKIP_INSTALL = YES;
				USE_HEADERMAP = NO;
				VALID_ARCHS = "i386 x86_64 arm64 arm64e";
			};
			name = Release;
		};
		7D36C120279AE9DBCD1F5422 /* Release */ = {
			isa = XCBuildConfiguration;
			buildSettings = {
				CLANG_CXX_LANGUAGE_STANDARD = "c++17";
				CLANG_CXX_LIBRARY = "libc++";
				CLANG_LINK_OBJC_RUNTIME = NO;
				COMBINE_HIDPI_IMAGES = YES;
				CONFIGURATION_BUILD_DIR = "$(PROJECT_DIR)/build/$(CONFIGURATION)";
				DEAD_CODE_STRIPPING = YES;
				DEPLOYMENT_LOCATION = YES;
				DSTROOT = /;
				EXCLUDED_ARCHS = "";
				GCC_GENERATE_DEBUGGING_SYMBOLS = NO;
				GCC_OPTIMIZATION_LEVEL = 3;
				GCC_PREPROCESSOR_DEFINITIONS = (
					"_NDEBUG=1",
					"NDEBUG=1",
					"JUCE_DISPLAY_SPLASH_SCREEN=0",
					"JUCE_USE_DARK_SPLASH_SCREEN=1",
					"JUCE_PROJUCER_VERSION=0x70005",
					"JUCE_MODULE_AVAILABLE_juce_audio_basics=1",
					"JUCE_MODULE_AVAILABLE_juce_audio_devices=1",
					"JUCE_MODULE_AVAILABLE_juce_audio_formats=1",
					"JUCE_MODULE_AVAILABLE_juce_audio_plugin_client=1",
					"JUCE_MODULE_AVAILABLE_juce_audio_processors=1",
					"JUCE_MODULE_AVAILABLE_juce_audio_utils=1",
					"JUCE_MODULE_AVAILABLE_juce_core=1",
					"JUCE_MODULE_AVAILABLE_juce_data_structures=1",
					"JUCE_MODULE_AVAILABLE_juce_dsp=1",
					"JUCE_MODULE_AVAILABLE_juce_events=1",
					"JUCE_MODULE_AVAILABLE_juce_graphics=1",
					"JUCE_MODULE_AVAILABLE_juce_gui_basics=1",
					"JUCE_MODULE_AVAILABLE_juce_gui_extra=1",
					"JUCE_GLOBAL_MODULE_SETTINGS_INCLUDED=1",
					"JUCE_VST3_CAN_REPLACE_VST2=0",
					"JUCE_STRICT_REFCOUNTEDPOINTER=1",
					"JucePlugin_Build_VST=0",
					"JucePlugin_Build_VST3=0",
					"JucePlugin_Build_AU=1",
					"JucePlugin_Build_AUv3=0",
					"JucePlugin_Build_AAX=0",
					"JucePlugin_Build_Standalone=0",
					"JucePlugin_Build_Unity=0",
					"JucePlugin_Build_LV2=0",
					"JucePlugin_Enable_IAA=0",
					"JucePlugin_Enable_ARA=0",
					"JucePlugin_Name=\\\"NuDoub\\\"",
					"JucePlugin_Desc=\\\"NeuralDoubler\\\"",
					"JucePlugin_Manufacturer=\\\"SonicVitamin\\\"",
					"JucePlugin_ManufacturerWebsite=\\\"www.SonicVitamin.com\\\"",
					"JucePlugin_ManufacturerEmail=\\\"\\\"",
					"JucePlugin_ManufacturerCode=0x536f7669",
					"JucePlugin_PluginCode=0x4e75646f",
					"JucePlugin_IsSynth=0",
					"JucePlugin_WantsMidiInput=0",
					"JucePlugin_ProducesMidiOutput=0",
					"JucePlugin_IsMidiEffect=0",
					"JucePlugin_EditorRequiresKeyboardFocus=0",
					"JucePlugin_Version=0.1.0",
					"JucePlugin_VersionCode=0x100",
					"JucePlugin_VersionString=\\\"0.1.0\\\"",
					"JucePlugin_VSTUniqueID=JucePlugin_PluginCode",
					"JucePlugin_VSTCategory=kPlugCategEffect",
					"JucePlugin_Vst3Category=\\\"Fx\\\"",
					"JucePlugin_AUMainType=\\'aufx\\'",
					"JucePlugin_AUSubType=JucePlugin_PluginCode",
					"JucePlugin_AUExportPrefix=NeuralDoublerAU",
					"JucePlugin_AUExportPrefixQuoted=\\\"NeuralDoublerAU\\\"",
					"JucePlugin_AUManufacturerCode=JucePlugin_ManufacturerCode",
					"JucePlugin_CFBundleIdentifier=com.SonicVitamin.NeuralDoubler",
					"JucePlugin_AAXIdentifier=com.SonicVitamin.NeuralDoubler",
					"JucePlugin_AAXManufacturerCode=JucePlugin_ManufacturerCode",
					"JucePlugin_AAXProductId=JucePlugin_PluginCode",
					"JucePlugin_AAXCategory=0",
					"JucePlugin_AAXDisableBypass=0",
					"JucePlugin_AAXDisableMultiMono=0",
					"JucePlugin_IAAType=0x61757278",
					"JucePlugin_IAASubType=JucePlugin_PluginCode",
					"JucePlugin_IAAName=\\\"SonicVitamin:\\ NuDoub\\\"",
					"JucePlugin_VSTNumMidiInputs=16",
					"JucePlugin_VSTNumMidiOutputs=16",
					"JucePlugin_ARAContentTypes=0",
					"JucePlugin_ARATransformationFlags=0",
					"JucePlugin_ARAFactoryID=\\\"com.SonicVitamin.NeuralDoubler.factory\\\"",
					"JucePlugin_ARADocumentArchiveID=\\\"com.SonicVitamin.NeuralDoubler.aradocumentarchive.0.1.0\\\"",
					"JucePlugin_ARACompatibleArchiveIDs=\\\"\\\"",
					"JUCE_STANDALONE_APPLICATION=JucePlugin_Build_Standalone",
					"JUCER_XCODE_MAC_F6D2F4CF=1",
					"JUCE_APP_VERSION=0.1.0",
					"JUCE_APP_VERSION_HEX=0x100",
				);
				GCC_VERSION = com.apple.compilers.llvm.clang.1_0;
				GENERATE_PKGINFO_FILE = YES;
				HEADER_SEARCH_PATHS = (
					"$(HOME)/JUCE/modules/juce_audio_processors/format_types/VST3_SDK",
					"$(SRCROOT)/../../JuceLibraryCode",
					"$(HOME)/JUCE/modules",
					"/Users/cpoohee/Documents/onnxruntime/onnxruntime-osx-universal2-1.14.1/include",
					"$(HOME)/JUCE/modules/juce_audio_plugin_client/AU",
					"$(inherited)",
				);
				INFOPLIST_FILE = Info-AU.plist;
				INFOPLIST_PREPROCESS = NO;
				INSTALL_PATH = "$(HOME)/Library/Audio/Plug-Ins/Components/";
				LD_RUNPATH_SEARCH_PATHS = "@loader_path/../Resources/lib";
				LIBRARY_SEARCH_PATHS = (
					"$(inherited)",
					"\"/Users/cpoohee/Documents/onnxruntime/onnxruntime-osx-universal2-1.14.1/lib\"",
				);
				LIBRARY_STYLE = Bundle;
				LLVM_LTO = YES;
				MACOSX_DEPLOYMENT_TARGET = 10.13;
				MTL_HEADER_SEARCH_PATHS = "$(HOME)/JUCE/modules/juce_audio_processors/format_types/VST3_SDK $(SRCROOT)/../../JuceLibraryCode $(HOME)/JUCE/modules /Users/cpoohee/Documents/onnxruntime/onnxruntime-osx-universal2-1.14.1/include $(HOME)/JUCE/modules/juce_audio_plugin_client/AU";
				OTHER_LDFLAGS = "-bundle -lNeuralDoubler -lonnxruntime -weak_framework Metal -weak_framework MetalKit";
				OTHER_REZFLAGS = "-d ppc_$ppc -d i386_$i386 -d ppc64_$ppc64 -d x86_64_$x86_64 -d arm64_$arm64 -I /System/Library/Frameworks/CoreServices.framework/Frameworks/CarbonCore.framework/Versions/A/Headers -I \"$(DEVELOPER_DIR)/Extras/CoreAudio/AudioUnits/AUPublic/AUBase\" -I \"$(DEVELOPER_DIR)/Platforms/MacOSX.platform/Developer/SDKs/MacOSX.sdk/System/Library/Frameworks/AudioUnit.framework/Headers\"";
				PRODUCT_BUNDLE_IDENTIFIER = com.SonicVitamin.NeuralDoubler;
				PRODUCT_NAME = "NeuralDoubler";
				USE_HEADERMAP = NO;
				VALID_ARCHS = "i386 x86_64 arm64 arm64e";
				WRAPPER_EXTENSION = component;
			};
			name = Release;
		};
		7E632040FC883185E7F514D8 /* Debug */ = {
			isa = XCBuildConfiguration;
			buildSettings = {
				ALWAYS_SEARCH_USER_PATHS = NO;
				CLANG_ENABLE_OBJC_WEAK = YES;
				CLANG_WARN_BLOCK_CAPTURE_AUTORELEASING = YES;
				CLANG_WARN_BOOL_CONVERSION = YES;
				CLANG_WARN_COMMA = YES;
				CLANG_WARN_CONSTANT_CONVERSION = YES;
				CLANG_WARN_DEPRECATED_OBJC_IMPLEMENTATIONS = YES;
				CLANG_WARN_EMPTY_BODY = YES;
				CLANG_WARN_ENUM_CONVERSION = YES;
				CLANG_WARN_INFINITE_RECURSION = YES;
				CLANG_WARN_INT_CONVERSION = YES;
				CLANG_WARN_NON_LITERAL_NULL_CONVERSION = YES;
				CLANG_WARN_OBJC_IMPLICIT_RETAIN_SELF = YES;
				CLANG_WARN_OBJC_LITERAL_CONVERSION = YES;
				CLANG_WARN_RANGE_LOOP_ANALYSIS = YES;
				CLANG_WARN_STRICT_PROTOTYPES = YES;
				CLANG_WARN_SUSPICIOUS_MOVE = YES;
				CLANG_WARN_UNREACHABLE_CODE = YES;
				CLANG_WARN__DUPLICATE_METHOD_MATCH = YES;
				DEBUG_INFORMATION_FORMAT = dwarf;
				ENABLE_STRICT_OBJC_MSGSEND = YES;
				ENABLE_TESTABILITY = NO;
				GCC_C_LANGUAGE_STANDARD = c11;
				GCC_INLINES_ARE_PRIVATE_EXTERN = YES;
				GCC_MODEL_TUNING = G5;
				GCC_NO_COMMON_BLOCKS = YES;
				GCC_SYMBOLS_PRIVATE_EXTERN = YES;
				GCC_WARN_64_TO_32_BIT_CONVERSION = YES;
				GCC_WARN_ABOUT_RETURN_TYPE = YES;
				GCC_WARN_CHECK_SWITCH_STATEMENTS = YES;
				GCC_WARN_MISSING_PARENTHESES = YES;
				GCC_WARN_NON_VIRTUAL_DESTRUCTOR = YES;
				GCC_WARN_TYPECHECK_CALLS_TO_PRINTF = YES;
				GCC_WARN_UNDECLARED_SELECTOR = YES;
				GCC_WARN_UNINITIALIZED_AUTOS = YES;
				GCC_WARN_UNUSED_FUNCTION = YES;
				GCC_WARN_UNUSED_VARIABLE = YES;
				ONLY_ACTIVE_ARCH = YES;
				PRODUCT_NAME = "NeuralDoubler";
				SDKROOT = macosx;
				WARNING_CFLAGS = "-Wreorder";
				ZERO_LINK = NO;
			};
			name = Debug;
		};
		86C79DF22233F2FFB4439190 /* Release */ = {
			isa = XCBuildConfiguration;
			buildSettings = {
				CLANG_CXX_LANGUAGE_STANDARD = "c++17";
				CLANG_CXX_LIBRARY = "libc++";
				CLANG_LINK_OBJC_RUNTIME = NO;
				COMBINE_HIDPI_IMAGES = YES;
				CONFIGURATION_BUILD_DIR = "$(PROJECT_DIR)/build/$(CONFIGURATION)";
				DEAD_CODE_STRIPPING = YES;
				DEPLOYMENT_LOCATION = YES;
				DSTROOT = /;
				EXCLUDED_ARCHS = "";
				GCC_GENERATE_DEBUGGING_SYMBOLS = NO;
				GCC_OPTIMIZATION_LEVEL = 3;
				GCC_PREPROCESSOR_DEFINITIONS = (
					"_NDEBUG=1",
					"NDEBUG=1",
					"JUCE_DISPLAY_SPLASH_SCREEN=0",
					"JUCE_USE_DARK_SPLASH_SCREEN=1",
					"JUCE_PROJUCER_VERSION=0x70005",
					"JUCE_MODULE_AVAILABLE_juce_audio_basics=1",
					"JUCE_MODULE_AVAILABLE_juce_audio_devices=1",
					"JUCE_MODULE_AVAILABLE_juce_audio_formats=1",
					"JUCE_MODULE_AVAILABLE_juce_audio_plugin_client=1",
					"JUCE_MODULE_AVAILABLE_juce_audio_processors=1",
					"JUCE_MODULE_AVAILABLE_juce_audio_utils=1",
					"JUCE_MODULE_AVAILABLE_juce_core=1",
					"JUCE_MODULE_AVAILABLE_juce_data_structures=1",
					"JUCE_MODULE_AVAILABLE_juce_dsp=1",
					"JUCE_MODULE_AVAILABLE_juce_events=1",
					"JUCE_MODULE_AVAILABLE_juce_graphics=1",
					"JUCE_MODULE_AVAILABLE_juce_gui_basics=1",
					"JUCE_MODULE_AVAILABLE_juce_gui_extra=1",
					"JUCE_GLOBAL_MODULE_SETTINGS_INCLUDED=1",
					"JUCE_VST3_CAN_REPLACE_VST2=0",
					"JUCE_STRICT_REFCOUNTEDPOINTER=1",
					"JucePlugin_Build_VST=0",
					"JucePlugin_Build_VST3=1",
					"JucePlugin_Build_AU=0",
					"JucePlugin_Build_AUv3=0",
					"JucePlugin_Build_AAX=0",
					"JucePlugin_Build_Standalone=0",
					"JucePlugin_Build_Unity=0",
					"JucePlugin_Build_LV2=0",
					"JucePlugin_Enable_IAA=0",
					"JucePlugin_Enable_ARA=0",
					"JucePlugin_Name=\\\"NuDoub\\\"",
					"JucePlugin_Desc=\\\"NeuralDoubler\\\"",
					"JucePlugin_Manufacturer=\\\"SonicVitamin\\\"",
					"JucePlugin_ManufacturerWebsite=\\\"www.SonicVitamin.com\\\"",
					"JucePlugin_ManufacturerEmail=\\\"\\\"",
					"JucePlugin_ManufacturerCode=0x536f7669",
					"JucePlugin_PluginCode=0x4e75646f",
					"JucePlugin_IsSynth=0",
					"JucePlugin_WantsMidiInput=0",
					"JucePlugin_ProducesMidiOutput=0",
					"JucePlugin_IsMidiEffect=0",
					"JucePlugin_EditorRequiresKeyboardFocus=0",
					"JucePlugin_Version=0.1.0",
					"JucePlugin_VersionCode=0x100",
					"JucePlugin_VersionString=\\\"0.1.0\\\"",
					"JucePlugin_VSTUniqueID=JucePlugin_PluginCode",
					"JucePlugin_VSTCategory=kPlugCategEffect",
					"JucePlugin_Vst3Category=\\\"Fx\\\"",
					"JucePlugin_AUMainType=\\'aufx\\'",
					"JucePlugin_AUSubType=JucePlugin_PluginCode",
					"JucePlugin_AUExportPrefix=NeuralDoublerAU",
					"JucePlugin_AUExportPrefixQuoted=\\\"NeuralDoublerAU\\\"",
					"JucePlugin_AUManufacturerCode=JucePlugin_ManufacturerCode",
					"JucePlugin_CFBundleIdentifier=com.SonicVitamin.NeuralDoubler",
					"JucePlugin_AAXIdentifier=com.SonicVitamin.NeuralDoubler",
					"JucePlugin_AAXManufacturerCode=JucePlugin_ManufacturerCode",
					"JucePlugin_AAXProductId=JucePlugin_PluginCode",
					"JucePlugin_AAXCategory=0",
					"JucePlugin_AAXDisableBypass=0",
					"JucePlugin_AAXDisableMultiMono=0",
					"JucePlugin_IAAType=0x61757278",
					"JucePlugin_IAASubType=JucePlugin_PluginCode",
					"JucePlugin_IAAName=\\\"SonicVitamin:\\ NuDoub\\\"",
					"JucePlugin_VSTNumMidiInputs=16",
					"JucePlugin_VSTNumMidiOutputs=16",
					"JucePlugin_ARAContentTypes=0",
					"JucePlugin_ARATransformationFlags=0",
					"JucePlugin_ARAFactoryID=\\\"com.SonicVitamin.NeuralDoubler.factory\\\"",
					"JucePlugin_ARADocumentArchiveID=\\\"com.SonicVitamin.NeuralDoubler.aradocumentarchive.0.1.0\\\"",
					"JucePlugin_ARACompatibleArchiveIDs=\\\"\\\"",
					"JUCE_STANDALONE_APPLICATION=JucePlugin_Build_Standalone",
					"JUCER_XCODE_MAC_F6D2F4CF=1",
					"JUCE_APP_VERSION=0.1.0",
					"JUCE_APP_VERSION_HEX=0x100",
				);
				GCC_VERSION = com.apple.compilers.llvm.clang.1_0;
				GENERATE_PKGINFO_FILE = YES;
				HEADER_SEARCH_PATHS = (
					"$(HOME)/JUCE/modules/juce_audio_processors/format_types/VST3_SDK",
					"$(SRCROOT)/../../JuceLibraryCode",
					"$(HOME)/JUCE/modules",
					"/Users/cpoohee/Documents/onnxruntime/onnxruntime-osx-universal2-1.14.1/include",
					"$(HOME)/JUCE/modules/juce_audio_plugin_client/AU",
					"$(inherited)",
				);
				INFOPLIST_FILE = Info-VST3.plist;
				INFOPLIST_PREPROCESS = NO;
				INSTALL_PATH = "$(HOME)/Library/Audio/Plug-Ins/VST3/";
				LD_RUNPATH_SEARCH_PATHS = "@loader_path/../Resources/lib";
				LIBRARY_SEARCH_PATHS = (
					"$(inherited)",
					"\"/Users/cpoohee/Documents/onnxruntime/onnxruntime-osx-universal2-1.14.1/lib\"",
				);
				LIBRARY_STYLE = Bundle;
				LLVM_LTO = YES;
				MACOSX_DEPLOYMENT_TARGET = 10.13;
				MTL_HEADER_SEARCH_PATHS = "$(HOME)/JUCE/modules/juce_audio_processors/format_types/VST3_SDK $(SRCROOT)/../../JuceLibraryCode $(HOME)/JUCE/modules /Users/cpoohee/Documents/onnxruntime/onnxruntime-osx-universal2-1.14.1/include $(HOME)/JUCE/modules/juce_audio_plugin_client/AU";
				OTHER_LDFLAGS = "-bundle -lNeuralDoubler -lonnxruntime -weak_framework Metal -weak_framework MetalKit";
				PRODUCT_BUNDLE_IDENTIFIER = com.SonicVitamin.NeuralDoubler;
				PRODUCT_NAME = "NeuralDoubler";
				USE_HEADERMAP = NO;
				VALID_ARCHS = "i386 x86_64 arm64 arm64e";
				WRAPPER_EXTENSION = vst3;
			};
			name = Release;
		};
		8F96FC1E9F86E96636FA6337 /* Debug */ = {
			isa = XCBuildConfiguration;
			buildSettings = {
				CLANG_CXX_LANGUAGE_STANDARD = "c++17";
				CLANG_CXX_LIBRARY = "libc++";
				CLANG_LINK_OBJC_RUNTIME = NO;
				COMBINE_HIDPI_IMAGES = YES;
				CONFIGURATION_BUILD_DIR = "$(PROJECT_DIR)/build/$(CONFIGURATION)";
				COPY_PHASE_STRIP = NO;
				DEPLOYMENT_LOCATION = YES;
				DSTROOT = /;
				EXCLUDED_ARCHS = "";
				GCC_DYNAMIC_NO_PIC = NO;
				GCC_OPTIMIZATION_LEVEL = 0;
				GCC_PREPROCESSOR_DEFINITIONS = (
					"_DEBUG=1",
					"DEBUG=1",
					"JUCE_DISPLAY_SPLASH_SCREEN=0",
					"JUCE_USE_DARK_SPLASH_SCREEN=1",
					"JUCE_PROJUCER_VERSION=0x70005",
					"JUCE_MODULE_AVAILABLE_juce_audio_basics=1",
					"JUCE_MODULE_AVAILABLE_juce_audio_devices=1",
					"JUCE_MODULE_AVAILABLE_juce_audio_formats=1",
					"JUCE_MODULE_AVAILABLE_juce_audio_plugin_client=1",
					"JUCE_MODULE_AVAILABLE_juce_audio_processors=1",
					"JUCE_MODULE_AVAILABLE_juce_audio_utils=1",
					"JUCE_MODULE_AVAILABLE_juce_core=1",
					"JUCE_MODULE_AVAILABLE_juce_data_structures=1",
					"JUCE_MODULE_AVAILABLE_juce_dsp=1",
					"JUCE_MODULE_AVAILABLE_juce_events=1",
					"JUCE_MODULE_AVAILABLE_juce_graphics=1",
					"JUCE_MODULE_AVAILABLE_juce_gui_basics=1",
					"JUCE_MODULE_AVAILABLE_juce_gui_extra=1",
					"JUCE_GLOBAL_MODULE_SETTINGS_INCLUDED=1",
					"JUCE_VST3_CAN_REPLACE_VST2=0",
					"JUCE_STRICT_REFCOUNTEDPOINTER=1",
					"JucePlugin_Build_VST=0",
					"JucePlugin_Build_VST3=1",
					"JucePlugin_Build_AU=0",
					"JucePlugin_Build_AUv3=0",
					"JucePlugin_Build_AAX=0",
					"JucePlugin_Build_Standalone=0",
					"JucePlugin_Build_Unity=0",
					"JucePlugin_Build_LV2=0",
					"JucePlugin_Enable_IAA=0",
					"JucePlugin_Enable_ARA=0",
					"JucePlugin_Name=\\\"NuDoub\\\"",
					"JucePlugin_Desc=\\\"NeuralDoubler\\\"",
					"JucePlugin_Manufacturer=\\\"SonicVitamin\\\"",
					"JucePlugin_ManufacturerWebsite=\\\"www.SonicVitamin.com\\\"",
					"JucePlugin_ManufacturerEmail=\\\"\\\"",
					"JucePlugin_ManufacturerCode=0x536f7669",
					"JucePlugin_PluginCode=0x4e75646f",
					"JucePlugin_IsSynth=0",
					"JucePlugin_WantsMidiInput=0",
					"JucePlugin_ProducesMidiOutput=0",
					"JucePlugin_IsMidiEffect=0",
					"JucePlugin_EditorRequiresKeyboardFocus=0",
					"JucePlugin_Version=0.1.0",
					"JucePlugin_VersionCode=0x100",
					"JucePlugin_VersionString=\\\"0.1.0\\\"",
					"JucePlugin_VSTUniqueID=JucePlugin_PluginCode",
					"JucePlugin_VSTCategory=kPlugCategEffect",
					"JucePlugin_Vst3Category=\\\"Fx\\\"",
					"JucePlugin_AUMainType=\\'aufx\\'",
					"JucePlugin_AUSubType=JucePlugin_PluginCode",
					"JucePlugin_AUExportPrefix=NeuralDoublerAU",
					"JucePlugin_AUExportPrefixQuoted=\\\"NeuralDoublerAU\\\"",
					"JucePlugin_AUManufacturerCode=JucePlugin_ManufacturerCode",
					"JucePlugin_CFBundleIdentifier=com.SonicVitamin.NeuralDoubler",
					"JucePlugin_AAXIdentifier=com.SonicVitamin.NeuralDoubler",
					"JucePlugin_AAXManufacturerCode=JucePlugin_ManufacturerCode",
					"JucePlugin_AAXProductId=JucePlugin_PluginCode",
					"JucePlugin_AAXCategory=0",
					"JucePlugin_AAXDisableBypass=0",
					"JucePlugin_AAXDisableMultiMono=0",
					"JucePlugin_IAAType=0x61757278",
					"JucePlugin_IAASubType=JucePlugin_PluginCode",
					"JucePlugin_IAAName=\\\"SonicVitamin:\\ NuDoub\\\"",
					"JucePlugin_VSTNumMidiInputs=16",
					"JucePlugin_VSTNumMidiOutputs=16",
					"JucePlugin_ARAContentTypes=0",
					"JucePlugin_ARATransformationFlags=0",
					"JucePlugin_ARAFactoryID=\\\"com.SonicVitamin.NeuralDoubler.factory\\\"",
					"JucePlugin_ARADocumentArchiveID=\\\"com.SonicVitamin.NeuralDoubler.aradocumentarchive.0.1.0\\\"",
					"JucePlugin_ARACompatibleArchiveIDs=\\\"\\\"",
					"JUCE_STANDALONE_APPLICATION=JucePlugin_Build_Standalone",
					"JUCER_XCODE_MAC_F6D2F4CF=1",
					"JUCE_APP_VERSION=0.1.0",
					"JUCE_APP_VERSION_HEX=0x100",
				);
				GCC_VERSION = com.apple.compilers.llvm.clang.1_0;
				GENERATE_PKGINFO_FILE = YES;
				HEADER_SEARCH_PATHS = (
					"$(HOME)/JUCE/modules/juce_audio_processors/format_types/VST3_SDK",
					"$(SRCROOT)/../../JuceLibraryCode",
					"$(HOME)/JUCE/modules",
					"$(SRCROOT)/../../onnxruntime/onnxruntime-osx-universal2-1.14.1/include",
					"$(HOME)/JUCE/modules/juce_audio_plugin_client/AU",
					"$(inherited)",
				);
				INFOPLIST_FILE = Info-VST3.plist;
				INFOPLIST_PREPROCESS = NO;
				INSTALL_PATH = "$(HOME)/Library/Audio/Plug-Ins/VST3/";
				LD_RUNPATH_SEARCH_PATHS = "@loader_path/../Resources/lib";
				LIBRARY_SEARCH_PATHS = (
					"$(inherited)",
					"\"../../onnxruntime/onnxruntime-osx-universal2-1.14.1/lib\"",
				);
				LIBRARY_STYLE = Bundle;
				MACOSX_DEPLOYMENT_TARGET = 10.13;
				MTL_HEADER_SEARCH_PATHS = "$(HOME)/JUCE/modules/juce_audio_processors/format_types/VST3_SDK $(SRCROOT)/../../JuceLibraryCode $(HOME)/JUCE/modules $(SRCROOT)/../../onnxruntime/onnxruntime-osx-universal2-1.14.1/include $(HOME)/JUCE/modules/juce_audio_plugin_client/AU";
				OTHER_LDFLAGS = "-bundle -lNeuralDoubler -lonnxruntime -weak_framework Metal -weak_framework MetalKit";
				PRODUCT_BUNDLE_IDENTIFIER = com.SonicVitamin.NeuralDoubler;
				PRODUCT_NAME = "NeuralDoubler";
				USE_HEADERMAP = NO;
				VALID_ARCHS = "i386 x86_64 arm64 arm64e";
				WRAPPER_EXTENSION = vst3;
			};
			name = Debug;
		};
		961F7623F51D6D1B67AB5C09 /* Debug */ = {
			isa = XCBuildConfiguration;
			buildSettings = {
				CLANG_CXX_LANGUAGE_STANDARD = "c++17";
				CLANG_CXX_LIBRARY = "libc++";
				CLANG_LINK_OBJC_RUNTIME = NO;
				COMBINE_HIDPI_IMAGES = YES;
				CONFIGURATION_BUILD_DIR = "$(PROJECT_DIR)/build/$(CONFIGURATION)";
				COPY_PHASE_STRIP = NO;
				EXCLUDED_ARCHS = "";
				GCC_DYNAMIC_NO_PIC = NO;
				GCC_OPTIMIZATION_LEVEL = 0;
				GCC_PREPROCESSOR_DEFINITIONS = (
					"_DEBUG=1",
					"DEBUG=1",
					"JUCE_DISPLAY_SPLASH_SCREEN=0",
					"JUCE_USE_DARK_SPLASH_SCREEN=1",
					"JUCE_PROJUCER_VERSION=0x70005",
					"JUCE_MODULE_AVAILABLE_juce_audio_basics=1",
					"JUCE_MODULE_AVAILABLE_juce_audio_devices=1",
					"JUCE_MODULE_AVAILABLE_juce_audio_formats=1",
					"JUCE_MODULE_AVAILABLE_juce_audio_plugin_client=1",
					"JUCE_MODULE_AVAILABLE_juce_audio_processors=1",
					"JUCE_MODULE_AVAILABLE_juce_audio_utils=1",
					"JUCE_MODULE_AVAILABLE_juce_core=1",
					"JUCE_MODULE_AVAILABLE_juce_data_structures=1",
					"JUCE_MODULE_AVAILABLE_juce_dsp=1",
					"JUCE_MODULE_AVAILABLE_juce_events=1",
					"JUCE_MODULE_AVAILABLE_juce_graphics=1",
					"JUCE_MODULE_AVAILABLE_juce_gui_basics=1",
					"JUCE_MODULE_AVAILABLE_juce_gui_extra=1",
					"JUCE_GLOBAL_MODULE_SETTINGS_INCLUDED=1",
					"JUCE_VST3_CAN_REPLACE_VST2=0",
					"JUCE_STRICT_REFCOUNTEDPOINTER=1",
					"JucePlugin_Build_VST=0",
					"JucePlugin_Build_VST3=0",
					"JucePlugin_Build_AU=0",
					"JucePlugin_Build_AUv3=0",
					"JucePlugin_Build_AAX=0",
					"JucePlugin_Build_Standalone=1",
					"JucePlugin_Build_Unity=0",
					"JucePlugin_Build_LV2=0",
					"JucePlugin_Enable_IAA=0",
					"JucePlugin_Enable_ARA=0",
					"JucePlugin_Name=\\\"NuDoub\\\"",
					"JucePlugin_Desc=\\\"NeuralDoubler\\\"",
					"JucePlugin_Manufacturer=\\\"SonicVitamin\\\"",
					"JucePlugin_ManufacturerWebsite=\\\"www.SonicVitamin.com\\\"",
					"JucePlugin_ManufacturerEmail=\\\"\\\"",
					"JucePlugin_ManufacturerCode=0x536f7669",
					"JucePlugin_PluginCode=0x4e75646f",
					"JucePlugin_IsSynth=0",
					"JucePlugin_WantsMidiInput=0",
					"JucePlugin_ProducesMidiOutput=0",
					"JucePlugin_IsMidiEffect=0",
					"JucePlugin_EditorRequiresKeyboardFocus=0",
					"JucePlugin_Version=0.1.0",
					"JucePlugin_VersionCode=0x100",
					"JucePlugin_VersionString=\\\"0.1.0\\\"",
					"JucePlugin_VSTUniqueID=JucePlugin_PluginCode",
					"JucePlugin_VSTCategory=kPlugCategEffect",
					"JucePlugin_Vst3Category=\\\"Fx\\\"",
					"JucePlugin_AUMainType=\\'aufx\\'",
					"JucePlugin_AUSubType=JucePlugin_PluginCode",
					"JucePlugin_AUExportPrefix=NeuralDoublerAU",
					"JucePlugin_AUExportPrefixQuoted=\\\"NeuralDoublerAU\\\"",
					"JucePlugin_AUManufacturerCode=JucePlugin_ManufacturerCode",
					"JucePlugin_CFBundleIdentifier=com.SonicVitamin.NeuralDoubler",
					"JucePlugin_AAXIdentifier=com.SonicVitamin.NeuralDoubler",
					"JucePlugin_AAXManufacturerCode=JucePlugin_ManufacturerCode",
					"JucePlugin_AAXProductId=JucePlugin_PluginCode",
					"JucePlugin_AAXCategory=0",
					"JucePlugin_AAXDisableBypass=0",
					"JucePlugin_AAXDisableMultiMono=0",
					"JucePlugin_IAAType=0x61757278",
					"JucePlugin_IAASubType=JucePlugin_PluginCode",
					"JucePlugin_IAAName=\\\"SonicVitamin:\\ NuDoub\\\"",
					"JucePlugin_VSTNumMidiInputs=16",
					"JucePlugin_VSTNumMidiOutputs=16",
					"JucePlugin_ARAContentTypes=0",
					"JucePlugin_ARATransformationFlags=0",
					"JucePlugin_ARAFactoryID=\\\"com.SonicVitamin.NeuralDoubler.factory\\\"",
					"JucePlugin_ARADocumentArchiveID=\\\"com.SonicVitamin.NeuralDoubler.aradocumentarchive.0.1.0\\\"",
					"JucePlugin_ARACompatibleArchiveIDs=\\\"\\\"",
					"JUCE_STANDALONE_APPLICATION=JucePlugin_Build_Standalone",
					"JUCER_XCODE_MAC_F6D2F4CF=1",
					"JUCE_APP_VERSION=0.1.0",
					"JUCE_APP_VERSION_HEX=0x100",
				);
				GCC_VERSION = com.apple.compilers.llvm.clang.1_0;
				HEADER_SEARCH_PATHS = (
					"$(HOME)/JUCE/modules/juce_audio_processors/format_types/VST3_SDK",
					"$(SRCROOT)/../../JuceLibraryCode",
					"$(HOME)/JUCE/modules",
					"$(SRCROOT)/../../onnxruntime/onnxruntime-osx-universal2-1.14.1/include",
					"$(HOME)/JUCE/modules/juce_audio_plugin_client/AU",
					"$(inherited)",
				);
				INFOPLIST_FILE = Info-Standalone_Plugin.plist;
				INFOPLIST_PREPROCESS = NO;
				LD_RUNPATH_SEARCH_PATHS = "@loader_path/../Resources/lib";
				LIBRARY_SEARCH_PATHS = (
					"$(inherited)",
					"\"../../onnxruntime/onnxruntime-osx-universal2-1.14.1/lib\"",
				);
				MACOSX_DEPLOYMENT_TARGET = 10.13;
				MTL_HEADER_SEARCH_PATHS = "$(HOME)/JUCE/modules/juce_audio_processors/format_types/VST3_SDK $(SRCROOT)/../../JuceLibraryCode $(HOME)/JUCE/modules $(SRCROOT)/../../onnxruntime/onnxruntime-osx-universal2-1.14.1/include $(HOME)/JUCE/modules/juce_audio_plugin_client/AU";
				OTHER_LDFLAGS = "-lNeuralDoubler -lonnxruntime -weak_framework Metal -weak_framework MetalKit";
				PRODUCT_BUNDLE_IDENTIFIER = com.SonicVitamin.NeuralDoubler;
				PRODUCT_NAME = "NeuralDoubler";
				USE_HEADERMAP = NO;
				VALID_ARCHS = "i386 x86_64 arm64 arm64e";
			};
			name = Debug;
		};
		B762C186D15A5C9C23DEF726 /* Debug */ = {
			isa = XCBuildConfiguration;
			buildSettings = {
				CLANG_CXX_LANGUAGE_STANDARD = "c++17";
				CLANG_CXX_LIBRARY = "libc++";
				CLANG_LINK_OBJC_RUNTIME = NO;
				COMBINE_HIDPI_IMAGES = YES;
				CONFIGURATION_BUILD_DIR = "$(PROJECT_DIR)/build/$(CONFIGURATION)";
				COPY_PHASE_STRIP = NO;
				DEPLOYMENT_LOCATION = YES;
				DSTROOT = /;
				EXCLUDED_ARCHS = "";
				GCC_DYNAMIC_NO_PIC = NO;
				GCC_OPTIMIZATION_LEVEL = 0;
				GCC_PREPROCESSOR_DEFINITIONS = (
					"_DEBUG=1",
					"DEBUG=1",
					"JUCE_DISPLAY_SPLASH_SCREEN=0",
					"JUCE_USE_DARK_SPLASH_SCREEN=1",
					"JUCE_PROJUCER_VERSION=0x70005",
					"JUCE_MODULE_AVAILABLE_juce_audio_basics=1",
					"JUCE_MODULE_AVAILABLE_juce_audio_devices=1",
					"JUCE_MODULE_AVAILABLE_juce_audio_formats=1",
					"JUCE_MODULE_AVAILABLE_juce_audio_plugin_client=1",
					"JUCE_MODULE_AVAILABLE_juce_audio_processors=1",
					"JUCE_MODULE_AVAILABLE_juce_audio_utils=1",
					"JUCE_MODULE_AVAILABLE_juce_core=1",
					"JUCE_MODULE_AVAILABLE_juce_data_structures=1",
					"JUCE_MODULE_AVAILABLE_juce_dsp=1",
					"JUCE_MODULE_AVAILABLE_juce_events=1",
					"JUCE_MODULE_AVAILABLE_juce_graphics=1",
					"JUCE_MODULE_AVAILABLE_juce_gui_basics=1",
					"JUCE_MODULE_AVAILABLE_juce_gui_extra=1",
					"JUCE_GLOBAL_MODULE_SETTINGS_INCLUDED=1",
					"JUCE_VST3_CAN_REPLACE_VST2=0",
					"JUCE_STRICT_REFCOUNTEDPOINTER=1",
					"JucePlugin_Build_VST=0",
					"JucePlugin_Build_VST3=0",
					"JucePlugin_Build_AU=1",
					"JucePlugin_Build_AUv3=0",
					"JucePlugin_Build_AAX=0",
					"JucePlugin_Build_Standalone=0",
					"JucePlugin_Build_Unity=0",
					"JucePlugin_Build_LV2=0",
					"JucePlugin_Enable_IAA=0",
					"JucePlugin_Enable_ARA=0",
					"JucePlugin_Name=\\\"NuDoub\\\"",
					"JucePlugin_Desc=\\\"NeuralDoubler\\\"",
					"JucePlugin_Manufacturer=\\\"SonicVitamin\\\"",
					"JucePlugin_ManufacturerWebsite=\\\"www.SonicVitamin.com\\\"",
					"JucePlugin_ManufacturerEmail=\\\"\\\"",
					"JucePlugin_ManufacturerCode=0x536f7669",
					"JucePlugin_PluginCode=0x4e75646f",
					"JucePlugin_IsSynth=0",
					"JucePlugin_WantsMidiInput=0",
					"JucePlugin_ProducesMidiOutput=0",
					"JucePlugin_IsMidiEffect=0",
					"JucePlugin_EditorRequiresKeyboardFocus=0",
					"JucePlugin_Version=0.1.0",
					"JucePlugin_VersionCode=0x100",
					"JucePlugin_VersionString=\\\"0.1.0\\\"",
					"JucePlugin_VSTUniqueID=JucePlugin_PluginCode",
					"JucePlugin_VSTCategory=kPlugCategEffect",
					"JucePlugin_Vst3Category=\\\"Fx\\\"",
					"JucePlugin_AUMainType=\\'aufx\\'",
					"JucePlugin_AUSubType=JucePlugin_PluginCode",
					"JucePlugin_AUExportPrefix=NeuralDoublerAU",
					"JucePlugin_AUExportPrefixQuoted=\\\"NeuralDoublerAU\\\"",
					"JucePlugin_AUManufacturerCode=JucePlugin_ManufacturerCode",
					"JucePlugin_CFBundleIdentifier=com.SonicVitamin.NeuralDoubler",
					"JucePlugin_AAXIdentifier=com.SonicVitamin.NeuralDoubler",
					"JucePlugin_AAXManufacturerCode=JucePlugin_ManufacturerCode",
					"JucePlugin_AAXProductId=JucePlugin_PluginCode",
					"JucePlugin_AAXCategory=0",
					"JucePlugin_AAXDisableBypass=0",
					"JucePlugin_AAXDisableMultiMono=0",
					"JucePlugin_IAAType=0x61757278",
					"JucePlugin_IAASubType=JucePlugin_PluginCode",
					"JucePlugin_IAAName=\\\"SonicVitamin:\\ NuDoub\\\"",
					"JucePlugin_VSTNumMidiInputs=16",
					"JucePlugin_VSTNumMidiOutputs=16",
					"JucePlugin_ARAContentTypes=0",
					"JucePlugin_ARATransformationFlags=0",
					"JucePlugin_ARAFactoryID=\\\"com.SonicVitamin.NeuralDoubler.factory\\\"",
					"JucePlugin_ARADocumentArchiveID=\\\"com.SonicVitamin.NeuralDoubler.aradocumentarchive.0.1.0\\\"",
					"JucePlugin_ARACompatibleArchiveIDs=\\\"\\\"",
					"JUCE_STANDALONE_APPLICATION=JucePlugin_Build_Standalone",
					"JUCER_XCODE_MAC_F6D2F4CF=1",
					"JUCE_APP_VERSION=0.1.0",
					"JUCE_APP_VERSION_HEX=0x100",
				);
				GCC_VERSION = com.apple.compilers.llvm.clang.1_0;
				GENERATE_PKGINFO_FILE = YES;
				HEADER_SEARCH_PATHS = (
					"$(HOME)/JUCE/modules/juce_audio_processors/format_types/VST3_SDK",
					"$(SRCROOT)/../../JuceLibraryCode",
					"$(HOME)/JUCE/modules",
					"$(SRCROOT)/../../onnxruntime/onnxruntime-osx-universal2-1.14.1/include",
					"$(HOME)/JUCE/modules/juce_audio_plugin_client/AU",
					"$(inherited)",
				);
				INFOPLIST_FILE = Info-AU.plist;
				INFOPLIST_PREPROCESS = NO;
				INSTALL_PATH = "$(HOME)/Library/Audio/Plug-Ins/Components/";
				LD_RUNPATH_SEARCH_PATHS = "@loader_path/../Resources/lib";
				LIBRARY_SEARCH_PATHS = (
					"$(inherited)",
					"\"../../onnxruntime/onnxruntime-osx-universal2-1.14.1/lib\"",
				);
				LIBRARY_STYLE = Bundle;
				MACOSX_DEPLOYMENT_TARGET = 10.13;
				MTL_HEADER_SEARCH_PATHS = "$(HOME)/JUCE/modules/juce_audio_processors/format_types/VST3_SDK $(SRCROOT)/../../JuceLibraryCode $(HOME)/JUCE/modules $(SRCROOT)/../../onnxruntime/onnxruntime-osx-universal2-1.14.1/include $(HOME)/JUCE/modules/juce_audio_plugin_client/AU";
				OTHER_LDFLAGS = "-bundle -lNeuralDoubler -lonnxruntime -weak_framework Metal -weak_framework MetalKit";
				OTHER_REZFLAGS = "-d ppc_$ppc -d i386_$i386 -d ppc64_$ppc64 -d x86_64_$x86_64 -d arm64_$arm64 -I /System/Library/Frameworks/CoreServices.framework/Frameworks/CarbonCore.framework/Versions/A/Headers -I \"$(DEVELOPER_DIR)/Extras/CoreAudio/AudioUnits/AUPublic/AUBase\" -I \"$(DEVELOPER_DIR)/Platforms/MacOSX.platform/Developer/SDKs/MacOSX.sdk/System/Library/Frameworks/AudioUnit.framework/Headers\"";
				PRODUCT_BUNDLE_IDENTIFIER = com.SonicVitamin.NeuralDoubler;
				PRODUCT_NAME = "NeuralDoubler";
				USE_HEADERMAP = NO;
				VALID_ARCHS = "i386 x86_64 arm64 arm64e";
				WRAPPER_EXTENSION = component;
			};
			name = Debug;
		};
		BED63B62669CE1C6AC9C8378 /* Release */ = {
			isa = XCBuildConfiguration;
			buildSettings = {
				ALWAYS_SEARCH_USER_PATHS = NO;
				CLANG_ENABLE_OBJC_WEAK = YES;
				CLANG_WARN_BLOCK_CAPTURE_AUTORELEASING = YES;
				CLANG_WARN_BOOL_CONVERSION = YES;
				CLANG_WARN_COMMA = YES;
				CLANG_WARN_CONSTANT_CONVERSION = YES;
				CLANG_WARN_DEPRECATED_OBJC_IMPLEMENTATIONS = YES;
				CLANG_WARN_EMPTY_BODY = YES;
				CLANG_WARN_ENUM_CONVERSION = YES;
				CLANG_WARN_INFINITE_RECURSION = YES;
				CLANG_WARN_INT_CONVERSION = YES;
				CLANG_WARN_NON_LITERAL_NULL_CONVERSION = YES;
				CLANG_WARN_OBJC_IMPLICIT_RETAIN_SELF = YES;
				CLANG_WARN_OBJC_LITERAL_CONVERSION = YES;
				CLANG_WARN_RANGE_LOOP_ANALYSIS = YES;
				CLANG_WARN_STRICT_PROTOTYPES = YES;
				CLANG_WARN_SUSPICIOUS_MOVE = YES;
				CLANG_WARN_UNREACHABLE_CODE = YES;
				CLANG_WARN__DUPLICATE_METHOD_MATCH = YES;
				DEBUG_INFORMATION_FORMAT = dwarf;
				ENABLE_STRICT_OBJC_MSGSEND = YES;
				ENABLE_TESTABILITY = NO;
				GCC_C_LANGUAGE_STANDARD = c11;
				GCC_INLINES_ARE_PRIVATE_EXTERN = YES;
				GCC_MODEL_TUNING = G5;
				GCC_NO_COMMON_BLOCKS = YES;
				GCC_SYMBOLS_PRIVATE_EXTERN = YES;
				GCC_WARN_64_TO_32_BIT_CONVERSION = YES;
				GCC_WARN_ABOUT_RETURN_TYPE = YES;
				GCC_WARN_CHECK_SWITCH_STATEMENTS = YES;
				GCC_WARN_MISSING_PARENTHESES = YES;
				GCC_WARN_NON_VIRTUAL_DESTRUCTOR = YES;
				GCC_WARN_TYPECHECK_CALLS_TO_PRINTF = YES;
				GCC_WARN_UNDECLARED_SELECTOR = YES;
				GCC_WARN_UNINITIALIZED_AUTOS = YES;
				GCC_WARN_UNUSED_FUNCTION = YES;
				GCC_WARN_UNUSED_VARIABLE = YES;
				PRODUCT_NAME = "NeuralDoubler";
				SDKROOT = macosx;
				WARNING_CFLAGS = "-Wreorder";
				ZERO_LINK = NO;
			};
			name = Release;
		};
		F2095DCD19EB253CE3D50341 /* Debug */ = {
			isa = XCBuildConfiguration;
			buildSettings = {
				MACOSX_DEPLOYMENT_TARGET = 10.13;
				SDKROOT = macosx;
			};
			name = Debug;
		};
/* End XCBuildConfiguration section */

/* Begin XCConfigurationList section */
		2591272FB5BAADF88287D4B4 = {
			isa = XCConfigurationList;
			buildConfigurations = (
				F2095DCD19EB253CE3D50341,
				00FCF5253604A1420730F134,
			);
			defaultConfigurationIsVisible = 0;
			defaultConfigurationName = Debug;
		};
		2C788F8D399450FE014991BE = {
			isa = XCConfigurationList;
			buildConfigurations = (
				1B2CF021E08B082A412B37D8,
				6D3B7CE6225D1E7A75B062CD,
			);
			defaultConfigurationIsVisible = 0;
			defaultConfigurationName = Debug;
		};
		7452108E750045C6F42C581E = {
			isa = XCConfigurationList;
			buildConfigurations = (
				7E632040FC883185E7F514D8,
				BED63B62669CE1C6AC9C8378,
			);
			defaultConfigurationIsVisible = 0;
			defaultConfigurationName = Debug;
		};
		976A41126F8B715349B6F860 = {
			isa = XCConfigurationList;
			buildConfigurations = (
				8F96FC1E9F86E96636FA6337,
				86C79DF22233F2FFB4439190,
			);
			defaultConfigurationIsVisible = 0;
			defaultConfigurationName = Debug;
		};
		D0E74396B8F651B8C0D3C96C = {
			isa = XCConfigurationList;
			buildConfigurations = (
				961F7623F51D6D1B67AB5C09,
				2012328285B8B4FA3D6C9E89,
			);
			defaultConfigurationIsVisible = 0;
			defaultConfigurationName = Debug;
		};
		F801013D9F17B920F70743A4 = {
			isa = XCConfigurationList;
			buildConfigurations = (
				B762C186D15A5C9C23DEF726,
				7D36C120279AE9DBCD1F5422,
			);
			defaultConfigurationIsVisible = 0;
			defaultConfigurationName = Debug;
		};
/* End XCConfigurationList section */
	};
	rootObject = 82C8D73E7D84E8B99E5EE85C /* Project object */;
}
